// !$*UTF8*$!
{
	archiveVersion = 1;
	classes = {
	};
	objectVersion = 45;
	objects = {

/* Begin PBXBuildFile section */
		1D3623260D0F684500981E51 /* AppDelegate.m in Sources */ = {isa = PBXBuildFile; fileRef = 1D3623250D0F684500981E51 /* AppDelegate.m */; };
		1D60589B0D05DD56006BFB54 /* main.m in Sources */ = {isa = PBXBuildFile; fileRef = 29B97316FDCFA39411CA2CEA /* main.m */; };
		1D60589F0D05DD5A006BFB54 /* Foundation.framework in Frameworks */ = {isa = PBXBuildFile; fileRef = 1D30AB110D05D00D00671497 /* Foundation.framework */; };
		1DF5F4E00D08C38300B7A737 /* UIKit.framework in Frameworks */ = {isa = PBXBuildFile; fileRef = 1DF5F4DF0D08C38300B7A737 /* UIKit.framework */; };
		2892E4100DC94CBA00A64D0F /* CoreGraphics.framework in Frameworks */ = {isa = PBXBuildFile; fileRef = 2892E40F0DC94CBA00A64D0F /* CoreGraphics.framework */; };
		53049E4C0FE673F900DD937B /* StyleStructureController.m in Sources */ = {isa = PBXBuildFile; fileRef = 53049E4B0FE673F900DD937B /* StyleStructureController.m */; };
		53049E850FE6799100DD937B /* TTStyleAdditions.m in Sources */ = {isa = PBXBuildFile; fileRef = 53049E840FE6799100DD937B /* TTStyleAdditions.m */; };
		53049EE30FE6825700DD937B /* StyleConfigController.m in Sources */ = {isa = PBXBuildFile; fileRef = 53049EE20FE6825700DD937B /* StyleConfigController.m */; };
		5304A1E40FE6C37100DD937B /* NSObjectAdditions.m in Sources */ = {isa = PBXBuildFile; fileRef = 5304A1E30FE6C37100DD937B /* NSObjectAdditions.m */; };
		5304A44C0FE6E2C700DD937B /* PropertyField.m in Sources */ = {isa = PBXBuildFile; fileRef = 5304A44B0FE6E2C700DD937B /* PropertyField.m */; };
		5304A4950FE6E91500DD937B /* PropertyFieldCell.m in Sources */ = {isa = PBXBuildFile; fileRef = 5304A4940FE6E91500DD937B /* PropertyFieldCell.m */; };
		536E028D0FE80F7200C159E7 /* ColorEditorController.m in Sources */ = {isa = PBXBuildFile; fileRef = 536E028C0FE80F7200C159E7 /* ColorEditorController.m */; };
		536E02DF0FE826F300C159E7 /* IntEditorController.m in Sources */ = {isa = PBXBuildFile; fileRef = 536E02DE0FE826F300C159E7 /* IntEditorController.m */; };
		536E030D0FE82D5B00C159E7 /* FloatEditorController.m in Sources */ = {isa = PBXBuildFile; fileRef = 536E030B0FE82D5B00C159E7 /* FloatEditorController.m */; };
		5398F9F50FE5060A0041DFF8 /* Three20.bundle in Resources */ = {isa = PBXBuildFile; fileRef = 5398F9F40FE5060A0041DFF8 /* Three20.bundle */; };
		5398FA090FE506180041DFF8 /* libThree20.a in Frameworks */ = {isa = PBXBuildFile; fileRef = 5398F9F30FE505ED0041DFF8 /* libThree20.a */; };
		5398FA230FE506500041DFF8 /* QuartzCore.framework in Frameworks */ = {isa = PBXBuildFile; fileRef = 5398FA220FE506500041DFF8 /* QuartzCore.framework */; };
		53AD84B30FE7F3F100160175 /* PropertyEditorController.m in Sources */ = {isa = PBXBuildFile; fileRef = 53AD84B20FE7F3F100160175 /* PropertyEditorController.m */; };
/* End PBXBuildFile section */

/* Begin PBXContainerItemProxy section */
		5398F9F20FE505ED0041DFF8 /* PBXContainerItemProxy */ = {
			isa = PBXContainerItemProxy;
			containerPortal = 5398F9EB0FE505ED0041DFF8 /* Three20.xcodeproj */;
			proxyType = 2;
			remoteGlobalIDString = BEF31F3A0F352DF5000DE5D2;
			remoteInfo = Three20;
		};
		5398FA0C0FE5062F0041DFF8 /* PBXContainerItemProxy */ = {
			isa = PBXContainerItemProxy;
			containerPortal = 5398F9EB0FE505ED0041DFF8 /* Three20.xcodeproj */;
			proxyType = 1;
			remoteGlobalIDString = BEF31F390F352DF5000DE5D2;
			remoteInfo = Three20;
		};
/* End PBXContainerItemProxy section */

/* Begin PBXFileReference section */
		1D30AB110D05D00D00671497 /* Foundation.framework */ = {isa = PBXFileReference; lastKnownFileType = wrapper.framework; name = Foundation.framework; path = System/Library/Frameworks/Foundation.framework; sourceTree = SDKROOT; };
		1D3623240D0F684500981E51 /* AppDelegate.h */ = {isa = PBXFileReference; fileEncoding = 4; lastKnownFileType = sourcecode.c.h; path = AppDelegate.h; sourceTree = "<group>"; };
		1D3623250D0F684500981E51 /* AppDelegate.m */ = {isa = PBXFileReference; fileEncoding = 4; lastKnownFileType = sourcecode.c.objc; path = AppDelegate.m; sourceTree = "<group>"; };
		1D6058910D05DD3D006BFB54 /* TTStyleBuilder.app */ = {isa = PBXFileReference; explicitFileType = wrapper.application; includeInIndex = 0; path = TTStyleBuilder.app; sourceTree = BUILT_PRODUCTS_DIR; };
		1DF5F4DF0D08C38300B7A737 /* UIKit.framework */ = {isa = PBXFileReference; lastKnownFileType = wrapper.framework; name = UIKit.framework; path = System/Library/Frameworks/UIKit.framework; sourceTree = SDKROOT; };
		2892E40F0DC94CBA00A64D0F /* CoreGraphics.framework */ = {isa = PBXFileReference; lastKnownFileType = wrapper.framework; name = CoreGraphics.framework; path = System/Library/Frameworks/CoreGraphics.framework; sourceTree = SDKROOT; };
		28A0AAE50D9B0CCF005BE974 /* TTStyleBuilder_Prefix.pch */ = {isa = PBXFileReference; fileEncoding = 4; lastKnownFileType = sourcecode.c.h; path = TTStyleBuilder_Prefix.pch; sourceTree = "<group>"; };
		29B97316FDCFA39411CA2CEA /* main.m */ = {isa = PBXFileReference; fileEncoding = 4; lastKnownFileType = sourcecode.c.objc; path = main.m; sourceTree = "<group>"; };
		53049E4A0FE673F900DD937B /* StyleStructureController.h */ = {isa = PBXFileReference; fileEncoding = 4; lastKnownFileType = sourcecode.c.h; path = StyleStructureController.h; sourceTree = "<group>"; };
		53049E4B0FE673F900DD937B /* StyleStructureController.m */ = {isa = PBXFileReference; fileEncoding = 4; lastKnownFileType = sourcecode.c.objc; path = StyleStructureController.m; sourceTree = "<group>"; };
		53049E830FE6799100DD937B /* TTStyleAdditions.h */ = {isa = PBXFileReference; fileEncoding = 4; lastKnownFileType = sourcecode.c.h; path = TTStyleAdditions.h; sourceTree = "<group>"; };
		53049E840FE6799100DD937B /* TTStyleAdditions.m */ = {isa = PBXFileReference; fileEncoding = 4; lastKnownFileType = sourcecode.c.objc; path = TTStyleAdditions.m; sourceTree = "<group>"; };
		53049E870FE67B4E00DD937B /* TTStyleBuilderGlobal.h */ = {isa = PBXFileReference; fileEncoding = 4; lastKnownFileType = sourcecode.c.h; path = TTStyleBuilderGlobal.h; sourceTree = "<group>"; };
		53049EE10FE6825700DD937B /* StyleConfigController.h */ = {isa = PBXFileReference; fileEncoding = 4; lastKnownFileType = sourcecode.c.h; path = StyleConfigController.h; sourceTree = "<group>"; };
		53049EE20FE6825700DD937B /* StyleConfigController.m */ = {isa = PBXFileReference; fileEncoding = 4; lastKnownFileType = sourcecode.c.objc; path = StyleConfigController.m; sourceTree = "<group>"; };
		5304A1E20FE6C37100DD937B /* NSObjectAdditions.h */ = {isa = PBXFileReference; fileEncoding = 4; lastKnownFileType = sourcecode.c.h; path = NSObjectAdditions.h; sourceTree = "<group>"; };
		5304A1E30FE6C37100DD937B /* NSObjectAdditions.m */ = {isa = PBXFileReference; fileEncoding = 4; lastKnownFileType = sourcecode.c.objc; path = NSObjectAdditions.m; sourceTree = "<group>"; };
		5304A2150FE6C7D600DD937B /* NSDebug.h */ = {isa = PBXFileReference; fileEncoding = 4; lastKnownFileType = sourcecode.c.h; path = NSDebug.h; sourceTree = "<group>"; };
		5304A44A0FE6E2C700DD937B /* PropertyField.h */ = {isa = PBXFileReference; fileEncoding = 4; lastKnownFileType = sourcecode.c.h; path = PropertyField.h; sourceTree = "<group>"; };
		5304A44B0FE6E2C700DD937B /* PropertyField.m */ = {isa = PBXFileReference; fileEncoding = 4; lastKnownFileType = sourcecode.c.objc; path = PropertyField.m; sourceTree = "<group>"; };
		5304A4930FE6E91500DD937B /* PropertyFieldCell.h */ = {isa = PBXFileReference; fileEncoding = 4; lastKnownFileType = sourcecode.c.h; path = PropertyFieldCell.h; sourceTree = "<group>"; };
		5304A4940FE6E91500DD937B /* PropertyFieldCell.m */ = {isa = PBXFileReference; fileEncoding = 4; lastKnownFileType = sourcecode.c.objc; path = PropertyFieldCell.m; sourceTree = "<group>"; };
		536E028B0FE80F7200C159E7 /* ColorEditorController.h */ = {isa = PBXFileReference; fileEncoding = 4; lastKnownFileType = sourcecode.c.h; path = ColorEditorController.h; sourceTree = "<group>"; };
		536E028C0FE80F7200C159E7 /* ColorEditorController.m */ = {isa = PBXFileReference; fileEncoding = 4; lastKnownFileType = sourcecode.c.objc; path = ColorEditorController.m; sourceTree = "<group>"; };
		536E02DD0FE826F300C159E7 /* IntEditorController.h */ = {isa = PBXFileReference; fileEncoding = 4; lastKnownFileType = sourcecode.c.h; path = IntEditorController.h; sourceTree = "<group>"; };
		536E02DE0FE826F300C159E7 /* IntEditorController.m */ = {isa = PBXFileReference; fileEncoding = 4; lastKnownFileType = sourcecode.c.objc; path = IntEditorController.m; sourceTree = "<group>"; };
		536E030B0FE82D5B00C159E7 /* FloatEditorController.m */ = {isa = PBXFileReference; fileEncoding = 4; lastKnownFileType = sourcecode.c.objc; path = FloatEditorController.m; sourceTree = "<group>"; };
		536E030C0FE82D5B00C159E7 /* FloatEditorController.h */ = {isa = PBXFileReference; fileEncoding = 4; lastKnownFileType = sourcecode.c.h; path = FloatEditorController.h; sourceTree = "<group>"; };
		5398F9EB0FE505ED0041DFF8 /* Three20.xcodeproj */ = {isa = PBXFileReference; lastKnownFileType = "wrapper.pb-project"; name = Three20.xcodeproj; path = ../three20/src/Three20.xcodeproj; sourceTree = SOURCE_ROOT; };
		5398F9F40FE5060A0041DFF8 /* Three20.bundle */ = {isa = PBXFileReference; lastKnownFileType = "wrapper.plug-in"; name = Three20.bundle; path = ../three20/src/Three20.bundle; sourceTree = SOURCE_ROOT; };
		5398FA220FE506500041DFF8 /* QuartzCore.framework */ = {isa = PBXFileReference; lastKnownFileType = wrapper.framework; name = QuartzCore.framework; path = System/Library/Frameworks/QuartzCore.framework; sourceTree = SDKROOT; };
		53AD84B10FE7F3F100160175 /* PropertyEditorController.h */ = {isa = PBXFileReference; fileEncoding = 4; lastKnownFileType = sourcecode.c.h; name = PropertyEditorController.h; path = Classes/PropertyEditorController.h; sourceTree = "<group>"; };
		53AD84B20FE7F3F100160175 /* PropertyEditorController.m */ = {isa = PBXFileReference; fileEncoding = 4; lastKnownFileType = sourcecode.c.objc; name = PropertyEditorController.m; path = Classes/PropertyEditorController.m; sourceTree = "<group>"; };
		8D1107310486CEB800E47090 /* TTStyleBuilder-Info.plist */ = {isa = PBXFileReference; fileEncoding = 4; lastKnownFileType = text.plist.xml; path = "TTStyleBuilder-Info.plist"; plistStructureDefinitionIdentifier = "com.apple.xcode.plist.structure-definition.iphone.info-plist"; sourceTree = "<group>"; };
/* End PBXFileReference section */

/* Begin PBXFrameworksBuildPhase section */
		1D60588F0D05DD3D006BFB54 /* Frameworks */ = {
			isa = PBXFrameworksBuildPhase;
			buildActionMask = 2147483647;
			files = (
				1D60589F0D05DD5A006BFB54 /* Foundation.framework in Frameworks */,
				1DF5F4E00D08C38300B7A737 /* UIKit.framework in Frameworks */,
				2892E4100DC94CBA00A64D0F /* CoreGraphics.framework in Frameworks */,
				5398FA090FE506180041DFF8 /* libThree20.a in Frameworks */,
				5398FA230FE506500041DFF8 /* QuartzCore.framework in Frameworks */,
			);
			runOnlyForDeploymentPostprocessing = 0;
		};
/* End PBXFrameworksBuildPhase section */

/* Begin PBXGroup section */
		080E96DDFE201D6D7F000001 /* Classes */ = {
			isa = PBXGroup;
			children = (
				5398FA490FE507E30041DFF8 /* .h */,
				1D3623250D0F684500981E51 /* AppDelegate.m */,
				53049E4B0FE673F900DD937B /* StyleStructureController.m */,
				53049EE20FE6825700DD937B /* StyleConfigController.m */,
				5304A44B0FE6E2C700DD937B /* PropertyField.m */,
				5304A4940FE6E91500DD937B /* PropertyFieldCell.m */,
				53049E870FE67B4E00DD937B /* TTStyleBuilderGlobal.h */,
			);
			path = Classes;
			sourceTree = "<group>";
		};
		19C28FACFE9D520D11CA2CBB /* Products */ = {
			isa = PBXGroup;
			children = (
				1D6058910D05DD3D006BFB54 /* TTStyleBuilder.app */,
			);
			name = Products;
			sourceTree = "<group>";
		};
		29B97314FDCFA39411CA2CEA /* CustomTemplate */ = {
			isa = PBXGroup;
			children = (
				536E028A0FE80F2A00C159E7 /* Editors */,
				53049E820FE6798000DD937B /* Additions */,
				080E96DDFE201D6D7F000001 /* Classes */,
				29B97315FDCFA39411CA2CEA /* Other Sources */,
				29B97317FDCFA39411CA2CEA /* Resources */,
				29B97323FDCFA39411CA2CEA /* Frameworks */,
				19C28FACFE9D520D11CA2CBB /* Products */,
			);
			name = CustomTemplate;
			sourceTree = "<group>";
		};
		29B97315FDCFA39411CA2CEA /* Other Sources */ = {
			isa = PBXGroup;
			children = (
				5398F9F40FE5060A0041DFF8 /* Three20.bundle */,
				5398F9EB0FE505ED0041DFF8 /* Three20.xcodeproj */,
				28A0AAE50D9B0CCF005BE974 /* TTStyleBuilder_Prefix.pch */,
				29B97316FDCFA39411CA2CEA /* main.m */,
			);
			name = "Other Sources";
			sourceTree = "<group>";
		};
		29B97317FDCFA39411CA2CEA /* Resources */ = {
			isa = PBXGroup;
			children = (
				8D1107310486CEB800E47090 /* TTStyleBuilder-Info.plist */,
			);
			name = Resources;
			sourceTree = "<group>";
		};
		29B97323FDCFA39411CA2CEA /* Frameworks */ = {
			isa = PBXGroup;
			children = (
				5398FA220FE506500041DFF8 /* QuartzCore.framework */,
				1DF5F4DF0D08C38300B7A737 /* UIKit.framework */,
				1D30AB110D05D00D00671497 /* Foundation.framework */,
				2892E40F0DC94CBA00A64D0F /* CoreGraphics.framework */,
			);
			name = Frameworks;
			sourceTree = "<group>";
		};
		53049E820FE6798000DD937B /* Additions */ = {
			isa = PBXGroup;
			children = (
				53049E830FE6799100DD937B /* TTStyleAdditions.h */,
				53049E840FE6799100DD937B /* TTStyleAdditions.m */,
				5304A1E20FE6C37100DD937B /* NSObjectAdditions.h */,
				5304A1E30FE6C37100DD937B /* NSObjectAdditions.m */,
				5304A2150FE6C7D600DD937B /* NSDebug.h */,
			);
			name = Additions;
			sourceTree = "<group>";
		};
		536E028A0FE80F2A00C159E7 /* Editors */ = {
			isa = PBXGroup;
			children = (
				536E03340FE8307600C159E7 /* .h */,
				53AD84B20FE7F3F100160175 /* PropertyEditorController.m */,
				536E028C0FE80F7200C159E7 /* ColorEditorController.m */,
				536E02DE0FE826F300C159E7 /* IntEditorController.m */,
				536E030B0FE82D5B00C159E7 /* FloatEditorController.m */,
			);
			name = Editors;
			sourceTree = "<group>";
		};
		536E03340FE8307600C159E7 /* .h */ = {
			isa = PBXGroup;
			children = (
				53AD84B10FE7F3F100160175 /* PropertyEditorController.h */,
				536E028B0FE80F7200C159E7 /* ColorEditorController.h */,
				536E02DD0FE826F300C159E7 /* IntEditorController.h */,
				536E030C0FE82D5B00C159E7 /* FloatEditorController.h */,
			);
			name = .h;
			sourceTree = "<group>";
		};
		5398F9EC0FE505ED0041DFF8 /* Products */ = {
			isa = PBXGroup;
			children = (
				5398F9F30FE505ED0041DFF8 /* libThree20.a */,
			);
			name = Products;
			sourceTree = "<group>";
		};
		5398FA490FE507E30041DFF8 /* .h */ = {
			isa = PBXGroup;
			children = (
				5304A4930FE6E91500DD937B /* PropertyFieldCell.h */,
				5304A44A0FE6E2C700DD937B /* PropertyField.h */,
				1D3623240D0F684500981E51 /* AppDelegate.h */,
				53049E4A0FE673F900DD937B /* StyleStructureController.h */,
				53049EE10FE6825700DD937B /* StyleConfigController.h */,
			);
			name = .h;
			sourceTree = "<group>";
		};
/* End PBXGroup section */

/* Begin PBXNativeTarget section */
		1D6058900D05DD3D006BFB54 /* TTStyleBuilder */ = {
			isa = PBXNativeTarget;
			buildConfigurationList = 1D6058960D05DD3E006BFB54 /* Build configuration list for PBXNativeTarget "TTStyleBuilder" */;
			buildPhases = (
				1D60588D0D05DD3D006BFB54 /* Resources */,
				1D60588E0D05DD3D006BFB54 /* Sources */,
				1D60588F0D05DD3D006BFB54 /* Frameworks */,
			);
			buildRules = (
			);
			dependencies = (
				5398FA0D0FE5062F0041DFF8 /* PBXTargetDependency */,
			);
			name = TTStyleBuilder;
			productName = TTStyleBuilder;
			productReference = 1D6058910D05DD3D006BFB54 /* TTStyleBuilder.app */;
			productType = "com.apple.product-type.application";
		};
/* End PBXNativeTarget section */

/* Begin PBXProject section */
		29B97313FDCFA39411CA2CEA /* Project object */ = {
			isa = PBXProject;
			buildConfigurationList = C01FCF4E08A954540054247B /* Build configuration list for PBXProject "TTStyleBuilder" */;
			compatibilityVersion = "Xcode 3.1";
			hasScannedForEncodings = 1;
			knownRegions = (
				English,
				Japanese,
				French,
				German,
				en,
			);
			mainGroup = 29B97314FDCFA39411CA2CEA /* CustomTemplate */;
			projectDirPath = "";
			projectReferences = (
				{
					ProductGroup = 5398F9EC0FE505ED0041DFF8 /* Products */;
					ProjectRef = 5398F9EB0FE505ED0041DFF8 /* Three20.xcodeproj */;
				},
			);
			projectRoot = "";
			targets = (
				1D6058900D05DD3D006BFB54 /* TTStyleBuilder */,
			);
		};
/* End PBXProject section */

/* Begin PBXReferenceProxy section */
		5398F9F30FE505ED0041DFF8 /* libThree20.a */ = {
			isa = PBXReferenceProxy;
			fileType = archive.ar;
			path = libThree20.a;
			remoteRef = 5398F9F20FE505ED0041DFF8 /* PBXContainerItemProxy */;
			sourceTree = BUILT_PRODUCTS_DIR;
		};
/* End PBXReferenceProxy section */

/* Begin PBXResourcesBuildPhase section */
		1D60588D0D05DD3D006BFB54 /* Resources */ = {
			isa = PBXResourcesBuildPhase;
			buildActionMask = 2147483647;
			files = (
				5398F9F50FE5060A0041DFF8 /* Three20.bundle in Resources */,
			);
			runOnlyForDeploymentPostprocessing = 0;
		};
/* End PBXResourcesBuildPhase section */

/* Begin PBXSourcesBuildPhase section */
		1D60588E0D05DD3D006BFB54 /* Sources */ = {
			isa = PBXSourcesBuildPhase;
			buildActionMask = 2147483647;
			files = (
				1D60589B0D05DD56006BFB54 /* main.m in Sources */,
				1D3623260D0F684500981E51 /* AppDelegate.m in Sources */,
				53049E4C0FE673F900DD937B /* StyleStructureController.m in Sources */,
				53049E850FE6799100DD937B /* TTStyleAdditions.m in Sources */,
				53049EE30FE6825700DD937B /* StyleConfigController.m in Sources */,
				5304A1E40FE6C37100DD937B /* NSObjectAdditions.m in Sources */,
				5304A44C0FE6E2C700DD937B /* PropertyField.m in Sources */,
				5304A4950FE6E91500DD937B /* PropertyFieldCell.m in Sources */,
				53AD84B30FE7F3F100160175 /* PropertyEditorController.m in Sources */,
				536E028D0FE80F7200C159E7 /* ColorEditorController.m in Sources */,
				536E02DF0FE826F300C159E7 /* IntEditorController.m in Sources */,
				536E030D0FE82D5B00C159E7 /* FloatEditorController.m in Sources */,
			);
			runOnlyForDeploymentPostprocessing = 0;
		};
/* End PBXSourcesBuildPhase section */

/* Begin PBXTargetDependency section */
		5398FA0D0FE5062F0041DFF8 /* PBXTargetDependency */ = {
			isa = PBXTargetDependency;
			name = Three20;
			targetProxy = 5398FA0C0FE5062F0041DFF8 /* PBXContainerItemProxy */;
		};
/* End PBXTargetDependency section */

/* Begin XCBuildConfiguration section */
		1D6058940D05DD3E006BFB54 /* Debug */ = {
			isa = XCBuildConfiguration;
			buildSettings = {
				ALWAYS_SEARCH_USER_PATHS = NO;
				COPY_PHASE_STRIP = NO;
				GCC_DYNAMIC_NO_PIC = NO;
				GCC_OPTIMIZATION_LEVEL = 0;
				GCC_PRECOMPILE_PREFIX_HEADER = YES;
				GCC_PREFIX_HEADER = TTStyleBuilder_Prefix.pch;
				INFOPLIST_FILE = "TTStyleBuilder-Info.plist";
				PRODUCT_NAME = TTStyleBuilder;
			};
			name = Debug;
		};
		1D6058950D05DD3E006BFB54 /* Release */ = {
			isa = XCBuildConfiguration;
			buildSettings = {
				ALWAYS_SEARCH_USER_PATHS = NO;
				COPY_PHASE_STRIP = YES;
				GCC_PRECOMPILE_PREFIX_HEADER = YES;
				GCC_PREFIX_HEADER = TTStyleBuilder_Prefix.pch;
				INFOPLIST_FILE = "TTStyleBuilder-Info.plist";
				PRODUCT_NAME = TTStyleBuilder;
			};
			name = Release;
		};
		C01FCF4F08A954540054247B /* Debug */ = {
			isa = XCBuildConfiguration;
			buildSettings = {
				ARCHS = "$(ARCHS_STANDARD_32_BIT)";
				"CODE_SIGN_IDENTITY[sdk=iphoneos*]" = "iPhone Developer";
				GCC_C_LANGUAGE_STANDARD = c99;
				GCC_WARN_ABOUT_RETURN_TYPE = YES;
				GCC_WARN_UNUSED_VARIABLE = YES;
				HEADER_SEARCH_PATHS = ../three20/src/;
				OTHER_LDFLAGS = (
					"-all_load",
					"-ObjC",
				);
				PREBINDING = NO;
				SDKROOT = iphoneos3.0;
			};
			name = Debug;
		};
		C01FCF5008A954540054247B /* Release */ = {
			isa = XCBuildConfiguration;
			buildSettings = {
				ARCHS = "$(ARCHS_STANDARD_32_BIT)";
				"CODE_SIGN_IDENTITY[sdk=iphoneos*]" = "iPhone Developer";
				GCC_C_LANGUAGE_STANDARD = c99;
				GCC_WARN_ABOUT_RETURN_TYPE = YES;
				GCC_WARN_UNUSED_VARIABLE = YES;
				HEADER_SEARCH_PATHS = ../three20/src/;
				OTHER_LDFLAGS = (
					"-all_load",
					"-ObjC",
				);
				PREBINDING = NO;
				SDKROOT = iphoneos3.0;
			};
			name = Release;
		};
/* End XCBuildConfiguration section */

/* Begin XCConfigurationList section */
		1D6058960D05DD3E006BFB54 /* Build configuration list for PBXNativeTarget "TTStyleBuilder" */ = {
			isa = XCConfigurationList;
			buildConfigurations = (
				1D6058940D05DD3E006BFB54 /* Debug */,
				1D6058950D05DD3E006BFB54 /* Release */,
			);
			defaultConfigurationIsVisible = 0;
			defaultConfigurationName = Release;
		};
		C01FCF4E08A954540054247B /* Build configuration list for PBXProject "TTStyleBuilder" */ = {
			isa = XCConfigurationList;
			buildConfigurations = (
				C01FCF4F08A954540054247B /* Debug */,
				C01FCF5008A954540054247B /* Release */,
			);
			defaultConfigurationIsVisible = 0;
			defaultConfigurationName = Release;
		};
/* End XCConfigurationList section */
	};
	rootObject = 29B97313FDCFA39411CA2CEA /* Project object */;
}
