// !$*UTF8*$!
{
	archiveVersion = 1;
	classes = {
	};
	objectVersion = 45;
	objects = {

/* Begin PBXBuildFile section */
		1D3623260D0F684500981E51 /* AppDelegate.m in Sources */ = {isa = PBXBuildFile; fileRef = 1D3623250D0F684500981E51 /* AppDelegate.m */; };
		1D60589B0D05DD56006BFB54 /* main.m in Sources */ = {isa = PBXBuildFile; fileRef = 29B97316FDCFA39411CA2CEA /* main.m */; };
		1D60589F0D05DD5A006BFB54 /* Foundation.framework in Frameworks */ = {isa = PBXBuildFile; fileRef = 1D30AB110D05D00D00671497 /* Foundation.framework */; };
		1DF5F4E00D08C38300B7A737 /* UIKit.framework in Frameworks */ = {isa = PBXBuildFile; fileRef = 1DF5F4DF0D08C38300B7A737 /* UIKit.framework */; };
		2892E4100DC94CBA00A64D0F /* CoreGraphics.framework in Frameworks */ = {isa = PBXBuildFile; fileRef = 2892E40F0DC94CBA00A64D0F /* CoreGraphics.framework */; };
		53049E850FE6799100DD937B /* TTStyleAdditions.m in Sources */ = {isa = PBXBuildFile; fileRef = 53049E840FE6799100DD937B /* TTStyleAdditions.m */; };
		5304A1E40FE6C37100DD937B /* NSObjectAdditions.m in Sources */ = {isa = PBXBuildFile; fileRef = 5304A1E30FE6C37100DD937B /* NSObjectAdditions.m */; };
		533A1D790FEB28A000BECCA4 /* MainMenuController.m in Sources */ = {isa = PBXBuildFile; fileRef = 533A1D780FEB28A000BECCA4 /* MainMenuController.m */; };
		536E0B090FEAB13500C159E7 /* PropertyEditorSystem.m in Sources */ = {isa = PBXBuildFile; fileRef = 536E0B080FEAB13500C159E7 /* PropertyEditorSystem.m */; };
		536E0B100FEAB15500C159E7 /* StyleStructureController.m in Sources */ = {isa = PBXBuildFile; fileRef = 536E0B0F0FEAB15500C159E7 /* StyleStructureController.m */; };
		536E0B170FEAB16500C159E7 /* PropertyField.m in Sources */ = {isa = PBXBuildFile; fileRef = 536E0B120FEAB16500C159E7 /* PropertyField.m */; };
		536E0B180FEAB16500C159E7 /* PropertyFieldCell.m in Sources */ = {isa = PBXBuildFile; fileRef = 536E0B140FEAB16500C159E7 /* PropertyFieldCell.m */; };
		536E0B2F0FEAB20A00C159E7 /* StylePreview.m in Sources */ = {isa = PBXBuildFile; fileRef = 536E0B2E0FEAB20A00C159E7 /* StylePreview.m */; };
		536E0B320FEAB23800C159E7 /* StyleStructureDataSource.m in Sources */ = {isa = PBXBuildFile; fileRef = 536E0B310FEAB23800C159E7 /* StyleStructureDataSource.m */; };
		536E0CC10FEB0ED600C159E7 /* CGSizeEditor.m in Sources */ = {isa = PBXBuildFile; fileRef = 536E0CC00FEB0ED600C159E7 /* CGSizeEditor.m */; };
		536E0CE00FEB111800C159E7 /* UIEdgeInsetsEditor.m in Sources */ = {isa = PBXBuildFile; fileRef = 536E0CDF0FEB111800C159E7 /* UIEdgeInsetsEditor.m */; };
		5370049F0FEB2F7B00C1A0D0 /* StyleSheetController.m in Sources */ = {isa = PBXBuildFile; fileRef = 5370049E0FEB2F7B00C1A0D0 /* StyleSheetController.m */; };
		5370056F0FEBFE2D00C1A0D0 /* RuntimeSupport.m in Sources */ = {isa = PBXBuildFile; fileRef = 5370056E0FEBFE2D00C1A0D0 /* RuntimeSupport.m */; };
		5398FA230FE506500041DFF8 /* QuartzCore.framework in Frameworks */ = {isa = PBXBuildFile; fileRef = 5398FA220FE506500041DFF8 /* QuartzCore.framework */; };
		539FD81C1002065C00C022A3 /* StyleBrowserController.m in Sources */ = {isa = PBXBuildFile; fileRef = 539FD81B1002065C00C022A3 /* StyleBrowserController.m */; };
		539FDA5E100355AA00C022A3 /* AlertPromptView.m in Sources */ = {isa = PBXBuildFile; fileRef = 539FDA5D100355AA00C022A3 /* AlertPromptView.m */; };
		539FDF0A1004A3BE00C022A3 /* IPAddress.m in Sources */ = {isa = PBXBuildFile; fileRef = 539FDEDA1004A3BE00C022A3 /* IPAddress.m */; };
		539FDF0B1004A3BE00C022A3 /* MYDNSService.m in Sources */ = {isa = PBXBuildFile; fileRef = 539FDEDC1004A3BE00C022A3 /* MYDNSService.m */; };
		539FDF0C1004A3BE00C022A3 /* MYAddressLookup.m in Sources */ = {isa = PBXBuildFile; fileRef = 539FDEDE1004A3BE00C022A3 /* MYAddressLookup.m */; };
		539FDF0D1004A3BE00C022A3 /* MYPortMapper.m in Sources */ = {isa = PBXBuildFile; fileRef = 539FDEE11004A3BE00C022A3 /* MYPortMapper.m */; };
		539FDF0E1004A3BE00C022A3 /* PortMapperTest.m in Sources */ = {isa = PBXBuildFile; fileRef = 539FDEE21004A3BE00C022A3 /* PortMapperTest.m */; };
		539FDF0F1004A3BE00C022A3 /* MYBonjourBrowser.m in Sources */ = {isa = PBXBuildFile; fileRef = 539FDEE51004A3BE00C022A3 /* MYBonjourBrowser.m */; };
		539FDF101004A3BE00C022A3 /* MYBonjourService.m in Sources */ = {isa = PBXBuildFile; fileRef = 539FDEE71004A3BE00C022A3 /* MYBonjourService.m */; };
		539FDF111004A3BE00C022A3 /* MYBonjourQuery.m in Sources */ = {isa = PBXBuildFile; fileRef = 539FDEE91004A3BE00C022A3 /* MYBonjourQuery.m */; };
		539FDF121004A3BE00C022A3 /* MYBonjourRegistration.m in Sources */ = {isa = PBXBuildFile; fileRef = 539FDEEB1004A3BE00C022A3 /* MYBonjourRegistration.m */; };
		539FDF131004A3BE00C022A3 /* TCPConnection.m in Sources */ = {isa = PBXBuildFile; fileRef = 539FDEEE1004A3BE00C022A3 /* TCPConnection.m */; };
		539FDF141004A3BE00C022A3 /* TCPEndpoint.m in Sources */ = {isa = PBXBuildFile; fileRef = 539FDEF01004A3BE00C022A3 /* TCPEndpoint.m */; };
		539FDF151004A3BE00C022A3 /* TCPEndpoint+Certs.m in Sources */ = {isa = PBXBuildFile; fileRef = 539FDEF11004A3BE00C022A3 /* TCPEndpoint+Certs.m */; };
		539FDF161004A3BE00C022A3 /* TCPListener.m in Sources */ = {isa = PBXBuildFile; fileRef = 539FDEF31004A3BE00C022A3 /* TCPListener.m */; };
		539FDF171004A3BE00C022A3 /* TCPStream.m in Sources */ = {isa = PBXBuildFile; fileRef = 539FDEF51004A3BE00C022A3 /* TCPStream.m */; };
		539FDF181004A3BE00C022A3 /* TCPWriter.m in Sources */ = {isa = PBXBuildFile; fileRef = 539FDEF71004A3BE00C022A3 /* TCPWriter.m */; };
		539FDF191004A3BE00C022A3 /* BLIPConnection.m in Sources */ = {isa = PBXBuildFile; fileRef = 539FDEFC1004A3BE00C022A3 /* BLIPConnection.m */; };
		539FDF1A1004A3BE00C022A3 /* BLIPDispatcher.m in Sources */ = {isa = PBXBuildFile; fileRef = 539FDEFE1004A3BE00C022A3 /* BLIPDispatcher.m */; };
		539FDF1B1004A3BE00C022A3 /* BLIPMessage.m in Sources */ = {isa = PBXBuildFile; fileRef = 539FDF001004A3BE00C022A3 /* BLIPMessage.m */; };
		539FDF1C1004A3BE00C022A3 /* BLIPRequest.m in Sources */ = {isa = PBXBuildFile; fileRef = 539FDF021004A3BE00C022A3 /* BLIPRequest.m */; };
		539FDF1D1004A3BE00C022A3 /* BLIPProperties.m in Sources */ = {isa = PBXBuildFile; fileRef = 539FDF041004A3BE00C022A3 /* BLIPProperties.m */; };
		539FDF1E1004A3BE00C022A3 /* BLIPReader.m in Sources */ = {isa = PBXBuildFile; fileRef = 539FDF061004A3BE00C022A3 /* BLIPReader.m */; };
		539FDF1F1004A3BE00C022A3 /* BLIPWriter.m in Sources */ = {isa = PBXBuildFile; fileRef = 539FDF081004A3BE00C022A3 /* BLIPWriter.m */; };
		539FDF341004A3F900C022A3 /* ConcurrentOperation.m in Sources */ = {isa = PBXBuildFile; fileRef = 539FDF211004A3F900C022A3 /* ConcurrentOperation.m */; };
		539FDF361004A3F900C022A3 /* CollectionUtils.m in Sources */ = {isa = PBXBuildFile; fileRef = 539FDF251004A3F900C022A3 /* CollectionUtils.m */; };
		539FDF371004A3F900C022A3 /* ExceptionUtils.m in Sources */ = {isa = PBXBuildFile; fileRef = 539FDF271004A3F900C022A3 /* ExceptionUtils.m */; };
		539FDF381004A3F900C022A3 /* Logging.m in Sources */ = {isa = PBXBuildFile; fileRef = 539FDF291004A3F900C022A3 /* Logging.m */; };
		539FDF391004A3F900C022A3 /* Target.m in Sources */ = {isa = PBXBuildFile; fileRef = 539FDF2B1004A3F900C022A3 /* Target.m */; };
		539FDF3A1004A3F900C022A3 /* Test.m in Sources */ = {isa = PBXBuildFile; fileRef = 539FDF2D1004A3F900C022A3 /* Test.m */; };
		539FDF3B1004A3F900C022A3 /* MYUtilities_Debug.xcconfig in Resources */ = {isa = PBXBuildFile; fileRef = 539FDF2E1004A3F900C022A3 /* MYUtilities_Debug.xcconfig */; };
		539FDF3C1004A3F900C022A3 /* MYUtilities_Release.xcconfig in Resources */ = {isa = PBXBuildFile; fileRef = 539FDF2F1004A3F900C022A3 /* MYUtilities_Release.xcconfig */; };
		539FDF3D1004A3F900C022A3 /* GTMNSData+zlib.m in Sources */ = {isa = PBXBuildFile; fileRef = 539FDF331004A3F900C022A3 /* GTMNSData+zlib.m */; };
		539FDF4F1004A53900C022A3 /* CFNetwork.framework in Frameworks */ = {isa = PBXBuildFile; fileRef = 539FDF4E1004A53900C022A3 /* CFNetwork.framework */; };
		539FDF511004A53E00C022A3 /* Security.framework in Frameworks */ = {isa = PBXBuildFile; fileRef = 539FDF501004A53E00C022A3 /* Security.framework */; };
		539FDF531004A54500C022A3 /* libz.dylib in Frameworks */ = {isa = PBXBuildFile; fileRef = 539FDF521004A54500C022A3 /* libz.dylib */; };
		539FDF831004A60B00C022A3 /* RenderService.m in Sources */ = {isa = PBXBuildFile; fileRef = 539FDF821004A60B00C022A3 /* RenderService.m */; };
		53A4B19C101614750061BECC /* FontEditor.m in Sources */ = {isa = PBXBuildFile; fileRef = 53A4B19B101614750061BECC /* FontEditor.m */; };
		53A59FBA0FF17B0F00C82D9A /* SettingsController.m in Sources */ = {isa = PBXBuildFile; fileRef = 53A59FB90FF17B0F00C82D9A /* SettingsController.m */; };
		53D972590FF5541700E62B9A /* ColorEditor.m in Sources */ = {isa = PBXBuildFile; fileRef = 53D972540FF5541700E62B9A /* ColorEditor.m */; };
		53D9725A0FF5541700E62B9A /* FloatEditor.m in Sources */ = {isa = PBXBuildFile; fileRef = 53D972560FF5541700E62B9A /* FloatEditor.m */; };
		53D9725B0FF5541700E62B9A /* IntEditor.m in Sources */ = {isa = PBXBuildFile; fileRef = 53D972580FF5541700E62B9A /* IntEditor.m */; };
		53D9790E0FFB98B700E62B9A /* ObjectEditor.m in Sources */ = {isa = PBXBuildFile; fileRef = 53D9790B0FFB98B700E62B9A /* ObjectEditor.m */; };
		53D9790F0FFB98B700E62B9A /* StyleEditor.m in Sources */ = {isa = PBXBuildFile; fileRef = 53D9790D0FFB98B700E62B9A /* StyleEditor.m */; };
		53D979960FFBD2CE00E62B9A /* NewObjectPickerController.m in Sources */ = {isa = PBXBuildFile; fileRef = 53D979950FFBD2CE00E62B9A /* NewObjectPickerController.m */; };
		53D979C30FFBD7F300E62B9A /* TTShapeAdditions.m in Sources */ = {isa = PBXBuildFile; fileRef = 53D979C20FFBD7F300E62B9A /* TTShapeAdditions.m */; };
		53F147160FFD337D00C959C7 /* Three20.bundle in Resources */ = {isa = PBXBuildFile; fileRef = 53F147150FFD337D00C959C7 /* Three20.bundle */; };
		53F147360FFD33A000C959C7 /* libThree20.a in Frameworks */ = {isa = PBXBuildFile; fileRef = 53F147340FFD338900C959C7 /* libThree20.a */; };
		53F1487A0FFE3F3700C959C7 /* StringEditor.m in Sources */ = {isa = PBXBuildFile; fileRef = 53F148790FFE3F3700C959C7 /* StringEditor.m */; };
		53F149630FFE5D4900C959C7 /* UIColorAdditions.m in Sources */ = {isa = PBXBuildFile; fileRef = 53F149620FFE5D4900C959C7 /* UIColorAdditions.m */; };
/* End PBXBuildFile section */

/* Begin PBXContainerItemProxy section */
		53F147330FFD338900C959C7 /* PBXContainerItemProxy */ = {
			isa = PBXContainerItemProxy;
			containerPortal = 53F1472A0FFD338900C959C7 /* Three20.xcodeproj */;
			proxyType = 2;
			remoteGlobalIDString = BEF31F3A0F352DF5000DE5D2;
			remoteInfo = Three20;
		};
		53F147400FFD33F400C959C7 /* PBXContainerItemProxy */ = {
			isa = PBXContainerItemProxy;
			containerPortal = 53F1472A0FFD338900C959C7 /* Three20.xcodeproj */;
			proxyType = 1;
			remoteGlobalIDString = BEF31F390F352DF5000DE5D2;
			remoteInfo = Three20;
		};
/* End PBXContainerItemProxy section */

/* Begin PBXFileReference section */
		1D30AB110D05D00D00671497 /* Foundation.framework */ = {isa = PBXFileReference; lastKnownFileType = wrapper.framework; name = Foundation.framework; path = System/Library/Frameworks/Foundation.framework; sourceTree = SDKROOT; };
		1D3623240D0F684500981E51 /* AppDelegate.h */ = {isa = PBXFileReference; fileEncoding = 4; lastKnownFileType = sourcecode.c.h; path = AppDelegate.h; sourceTree = "<group>"; };
		1D3623250D0F684500981E51 /* AppDelegate.m */ = {isa = PBXFileReference; fileEncoding = 4; lastKnownFileType = sourcecode.c.objc; path = AppDelegate.m; sourceTree = "<group>"; };
		1D6058910D05DD3D006BFB54 /* TTStyleBuilder.app */ = {isa = PBXFileReference; explicitFileType = wrapper.application; includeInIndex = 0; path = TTStyleBuilder.app; sourceTree = BUILT_PRODUCTS_DIR; };
		1DF5F4DF0D08C38300B7A737 /* UIKit.framework */ = {isa = PBXFileReference; lastKnownFileType = wrapper.framework; name = UIKit.framework; path = System/Library/Frameworks/UIKit.framework; sourceTree = SDKROOT; };
		2892E40F0DC94CBA00A64D0F /* CoreGraphics.framework */ = {isa = PBXFileReference; lastKnownFileType = wrapper.framework; name = CoreGraphics.framework; path = System/Library/Frameworks/CoreGraphics.framework; sourceTree = SDKROOT; };
		28A0AAE50D9B0CCF005BE974 /* TTStyleBuilder_Prefix.pch */ = {isa = PBXFileReference; fileEncoding = 4; lastKnownFileType = sourcecode.c.h; path = TTStyleBuilder_Prefix.pch; sourceTree = "<group>"; };
		29B97316FDCFA39411CA2CEA /* main.m */ = {isa = PBXFileReference; fileEncoding = 4; lastKnownFileType = sourcecode.c.objc; path = main.m; sourceTree = "<group>"; };
		53049E830FE6799100DD937B /* TTStyleAdditions.h */ = {isa = PBXFileReference; fileEncoding = 4; lastKnownFileType = sourcecode.c.h; path = TTStyleAdditions.h; sourceTree = "<group>"; };
		53049E840FE6799100DD937B /* TTStyleAdditions.m */ = {isa = PBXFileReference; fileEncoding = 4; lastKnownFileType = sourcecode.c.objc; path = TTStyleAdditions.m; sourceTree = "<group>"; };
		53049E870FE67B4E00DD937B /* TTStyleBuilderGlobal.h */ = {isa = PBXFileReference; fileEncoding = 4; lastKnownFileType = sourcecode.c.h; path = TTStyleBuilderGlobal.h; sourceTree = "<group>"; };
		5304A1E20FE6C37100DD937B /* NSObjectAdditions.h */ = {isa = PBXFileReference; fileEncoding = 4; lastKnownFileType = sourcecode.c.h; path = NSObjectAdditions.h; sourceTree = "<group>"; };
		5304A1E30FE6C37100DD937B /* NSObjectAdditions.m */ = {isa = PBXFileReference; fileEncoding = 4; lastKnownFileType = sourcecode.c.objc; path = NSObjectAdditions.m; sourceTree = "<group>"; };
		5304A2150FE6C7D600DD937B /* NSDebug.h */ = {isa = PBXFileReference; fileEncoding = 4; lastKnownFileType = sourcecode.c.h; path = NSDebug.h; sourceTree = "<group>"; };
		533A1D770FEB28A000BECCA4 /* MainMenuController.h */ = {isa = PBXFileReference; fileEncoding = 4; lastKnownFileType = sourcecode.c.h; path = MainMenuController.h; sourceTree = "<group>"; };
		533A1D780FEB28A000BECCA4 /* MainMenuController.m */ = {isa = PBXFileReference; fileEncoding = 4; lastKnownFileType = sourcecode.c.objc; path = MainMenuController.m; sourceTree = "<group>"; };
		536E0B070FEAB13500C159E7 /* PropertyEditorSystem.h */ = {isa = PBXFileReference; fileEncoding = 4; lastKnownFileType = sourcecode.c.h; path = PropertyEditorSystem.h; sourceTree = "<group>"; };
		536E0B080FEAB13500C159E7 /* PropertyEditorSystem.m */ = {isa = PBXFileReference; fileEncoding = 4; lastKnownFileType = sourcecode.c.objc; path = PropertyEditorSystem.m; sourceTree = "<group>"; };
		536E0B0E0FEAB15500C159E7 /* StyleStructureController.h */ = {isa = PBXFileReference; fileEncoding = 4; lastKnownFileType = sourcecode.c.h; path = StyleStructureController.h; sourceTree = "<group>"; };
		536E0B0F0FEAB15500C159E7 /* StyleStructureController.m */ = {isa = PBXFileReference; fileEncoding = 4; lastKnownFileType = sourcecode.c.objc; path = StyleStructureController.m; sourceTree = "<group>"; };
		536E0B110FEAB16500C159E7 /* PropertyField.h */ = {isa = PBXFileReference; fileEncoding = 4; lastKnownFileType = sourcecode.c.h; path = PropertyField.h; sourceTree = "<group>"; };
		536E0B120FEAB16500C159E7 /* PropertyField.m */ = {isa = PBXFileReference; fileEncoding = 4; lastKnownFileType = sourcecode.c.objc; path = PropertyField.m; sourceTree = "<group>"; };
		536E0B130FEAB16500C159E7 /* PropertyFieldCell.h */ = {isa = PBXFileReference; fileEncoding = 4; lastKnownFileType = sourcecode.c.h; path = PropertyFieldCell.h; sourceTree = "<group>"; };
		536E0B140FEAB16500C159E7 /* PropertyFieldCell.m */ = {isa = PBXFileReference; fileEncoding = 4; lastKnownFileType = sourcecode.c.objc; path = PropertyFieldCell.m; sourceTree = "<group>"; };
		536E0B2D0FEAB20A00C159E7 /* StylePreview.h */ = {isa = PBXFileReference; fileEncoding = 4; lastKnownFileType = sourcecode.c.h; path = StylePreview.h; sourceTree = "<group>"; };
		536E0B2E0FEAB20A00C159E7 /* StylePreview.m */ = {isa = PBXFileReference; fileEncoding = 4; lastKnownFileType = sourcecode.c.objc; path = StylePreview.m; sourceTree = "<group>"; };
		536E0B300FEAB23800C159E7 /* StyleStructureDataSource.h */ = {isa = PBXFileReference; fileEncoding = 4; lastKnownFileType = sourcecode.c.h; path = StyleStructureDataSource.h; sourceTree = "<group>"; };
		536E0B310FEAB23800C159E7 /* StyleStructureDataSource.m */ = {isa = PBXFileReference; fileEncoding = 4; lastKnownFileType = sourcecode.c.objc; path = StyleStructureDataSource.m; sourceTree = "<group>"; };
		536E0CBF0FEB0ED600C159E7 /* CGSizeEditor.h */ = {isa = PBXFileReference; fileEncoding = 4; lastKnownFileType = sourcecode.c.h; path = CGSizeEditor.h; sourceTree = "<group>"; };
		536E0CC00FEB0ED600C159E7 /* CGSizeEditor.m */ = {isa = PBXFileReference; fileEncoding = 4; lastKnownFileType = sourcecode.c.objc; path = CGSizeEditor.m; sourceTree = "<group>"; };
		536E0CDE0FEB111800C159E7 /* UIEdgeInsetsEditor.h */ = {isa = PBXFileReference; fileEncoding = 4; lastKnownFileType = sourcecode.c.h; path = UIEdgeInsetsEditor.h; sourceTree = "<group>"; };
		536E0CDF0FEB111800C159E7 /* UIEdgeInsetsEditor.m */ = {isa = PBXFileReference; fileEncoding = 4; lastKnownFileType = sourcecode.c.objc; path = UIEdgeInsetsEditor.m; sourceTree = "<group>"; };
		5370049D0FEB2F7B00C1A0D0 /* StyleSheetController.h */ = {isa = PBXFileReference; fileEncoding = 4; lastKnownFileType = sourcecode.c.h; path = StyleSheetController.h; sourceTree = "<group>"; };
		5370049E0FEB2F7B00C1A0D0 /* StyleSheetController.m */ = {isa = PBXFileReference; fileEncoding = 4; lastKnownFileType = sourcecode.c.objc; path = StyleSheetController.m; sourceTree = "<group>"; };
		5370056D0FEBFE2D00C1A0D0 /* RuntimeSupport.h */ = {isa = PBXFileReference; fileEncoding = 4; lastKnownFileType = sourcecode.c.h; path = RuntimeSupport.h; sourceTree = "<group>"; };
		5370056E0FEBFE2D00C1A0D0 /* RuntimeSupport.m */ = {isa = PBXFileReference; fileEncoding = 4; lastKnownFileType = sourcecode.c.objc; path = RuntimeSupport.m; sourceTree = "<group>"; };
		5398FA220FE506500041DFF8 /* QuartzCore.framework */ = {isa = PBXFileReference; lastKnownFileType = wrapper.framework; name = QuartzCore.framework; path = System/Library/Frameworks/QuartzCore.framework; sourceTree = SDKROOT; };
		539FD81A1002065C00C022A3 /* StyleBrowserController.h */ = {isa = PBXFileReference; fileEncoding = 4; lastKnownFileType = sourcecode.c.h; path = StyleBrowserController.h; sourceTree = "<group>"; };
		539FD81B1002065C00C022A3 /* StyleBrowserController.m */ = {isa = PBXFileReference; fileEncoding = 4; lastKnownFileType = sourcecode.c.objc; path = StyleBrowserController.m; sourceTree = "<group>"; };
		539FDA5C100355AA00C022A3 /* AlertPromptView.h */ = {isa = PBXFileReference; fileEncoding = 4; lastKnownFileType = sourcecode.c.h; path = AlertPromptView.h; sourceTree = "<group>"; };
		539FDA5D100355AA00C022A3 /* AlertPromptView.m */ = {isa = PBXFileReference; fileEncoding = 4; lastKnownFileType = sourcecode.c.objc; path = AlertPromptView.m; sourceTree = "<group>"; };
		539FDED91004A3BE00C022A3 /* IPAddress.h */ = {isa = PBXFileReference; fileEncoding = 4; lastKnownFileType = sourcecode.c.h; path = IPAddress.h; sourceTree = "<group>"; };
		539FDEDA1004A3BE00C022A3 /* IPAddress.m */ = {isa = PBXFileReference; fileEncoding = 4; lastKnownFileType = sourcecode.c.objc; path = IPAddress.m; sourceTree = "<group>"; };
		539FDEDB1004A3BE00C022A3 /* MYDNSService.h */ = {isa = PBXFileReference; fileEncoding = 4; lastKnownFileType = sourcecode.c.h; path = MYDNSService.h; sourceTree = "<group>"; };
		539FDEDC1004A3BE00C022A3 /* MYDNSService.m */ = {isa = PBXFileReference; fileEncoding = 4; lastKnownFileType = sourcecode.c.objc; path = MYDNSService.m; sourceTree = "<group>"; };
		539FDEDD1004A3BE00C022A3 /* MYAddressLookup.h */ = {isa = PBXFileReference; fileEncoding = 4; lastKnownFileType = sourcecode.c.h; path = MYAddressLookup.h; sourceTree = "<group>"; };
		539FDEDE1004A3BE00C022A3 /* MYAddressLookup.m */ = {isa = PBXFileReference; fileEncoding = 4; lastKnownFileType = sourcecode.c.objc; path = MYAddressLookup.m; sourceTree = "<group>"; };
		539FDEE01004A3BE00C022A3 /* MYPortMapper.h */ = {isa = PBXFileReference; fileEncoding = 4; lastKnownFileType = sourcecode.c.h; path = MYPortMapper.h; sourceTree = "<group>"; };
		539FDEE11004A3BE00C022A3 /* MYPortMapper.m */ = {isa = PBXFileReference; fileEncoding = 4; lastKnownFileType = sourcecode.c.objc; path = MYPortMapper.m; sourceTree = "<group>"; };
		539FDEE21004A3BE00C022A3 /* PortMapperTest.m */ = {isa = PBXFileReference; fileEncoding = 4; lastKnownFileType = sourcecode.c.objc; path = PortMapperTest.m; sourceTree = "<group>"; };
		539FDEE41004A3BE00C022A3 /* MYBonjourBrowser.h */ = {isa = PBXFileReference; fileEncoding = 4; lastKnownFileType = sourcecode.c.h; path = MYBonjourBrowser.h; sourceTree = "<group>"; };
		539FDEE51004A3BE00C022A3 /* MYBonjourBrowser.m */ = {isa = PBXFileReference; fileEncoding = 4; lastKnownFileType = sourcecode.c.objc; path = MYBonjourBrowser.m; sourceTree = "<group>"; };
		539FDEE61004A3BE00C022A3 /* MYBonjourService.h */ = {isa = PBXFileReference; fileEncoding = 4; lastKnownFileType = sourcecode.c.h; path = MYBonjourService.h; sourceTree = "<group>"; };
		539FDEE71004A3BE00C022A3 /* MYBonjourService.m */ = {isa = PBXFileReference; fileEncoding = 4; lastKnownFileType = sourcecode.c.objc; path = MYBonjourService.m; sourceTree = "<group>"; };
		539FDEE81004A3BE00C022A3 /* MYBonjourQuery.h */ = {isa = PBXFileReference; fileEncoding = 4; lastKnownFileType = sourcecode.c.h; path = MYBonjourQuery.h; sourceTree = "<group>"; };
		539FDEE91004A3BE00C022A3 /* MYBonjourQuery.m */ = {isa = PBXFileReference; fileEncoding = 4; lastKnownFileType = sourcecode.c.objc; path = MYBonjourQuery.m; sourceTree = "<group>"; };
		539FDEEA1004A3BE00C022A3 /* MYBonjourRegistration.h */ = {isa = PBXFileReference; fileEncoding = 4; lastKnownFileType = sourcecode.c.h; path = MYBonjourRegistration.h; sourceTree = "<group>"; };
		539FDEEB1004A3BE00C022A3 /* MYBonjourRegistration.m */ = {isa = PBXFileReference; fileEncoding = 4; lastKnownFileType = sourcecode.c.objc; path = MYBonjourRegistration.m; sourceTree = "<group>"; };
		539FDEED1004A3BE00C022A3 /* TCPConnection.h */ = {isa = PBXFileReference; fileEncoding = 4; lastKnownFileType = sourcecode.c.h; path = TCPConnection.h; sourceTree = "<group>"; };
		539FDEEE1004A3BE00C022A3 /* TCPConnection.m */ = {isa = PBXFileReference; fileEncoding = 4; lastKnownFileType = sourcecode.c.objc; path = TCPConnection.m; sourceTree = "<group>"; };
		539FDEEF1004A3BE00C022A3 /* TCPEndpoint.h */ = {isa = PBXFileReference; fileEncoding = 4; lastKnownFileType = sourcecode.c.h; path = TCPEndpoint.h; sourceTree = "<group>"; };
		539FDEF01004A3BE00C022A3 /* TCPEndpoint.m */ = {isa = PBXFileReference; fileEncoding = 4; lastKnownFileType = sourcecode.c.objc; path = TCPEndpoint.m; sourceTree = "<group>"; };
		539FDEF11004A3BE00C022A3 /* TCPEndpoint+Certs.m */ = {isa = PBXFileReference; fileEncoding = 4; lastKnownFileType = sourcecode.c.objc; path = "TCPEndpoint+Certs.m"; sourceTree = "<group>"; };
		539FDEF21004A3BE00C022A3 /* TCPListener.h */ = {isa = PBXFileReference; fileEncoding = 4; lastKnownFileType = sourcecode.c.h; path = TCPListener.h; sourceTree = "<group>"; };
		539FDEF31004A3BE00C022A3 /* TCPListener.m */ = {isa = PBXFileReference; fileEncoding = 4; lastKnownFileType = sourcecode.c.objc; path = TCPListener.m; sourceTree = "<group>"; };
		539FDEF41004A3BE00C022A3 /* TCPStream.h */ = {isa = PBXFileReference; fileEncoding = 4; lastKnownFileType = sourcecode.c.h; path = TCPStream.h; sourceTree = "<group>"; };
		539FDEF51004A3BE00C022A3 /* TCPStream.m */ = {isa = PBXFileReference; fileEncoding = 4; lastKnownFileType = sourcecode.c.objc; path = TCPStream.m; sourceTree = "<group>"; };
		539FDEF61004A3BE00C022A3 /* TCPWriter.h */ = {isa = PBXFileReference; fileEncoding = 4; lastKnownFileType = sourcecode.c.h; path = TCPWriter.h; sourceTree = "<group>"; };
		539FDEF71004A3BE00C022A3 /* TCPWriter.m */ = {isa = PBXFileReference; fileEncoding = 4; lastKnownFileType = sourcecode.c.objc; path = TCPWriter.m; sourceTree = "<group>"; };
		539FDEF81004A3BE00C022A3 /* TCP_Internal.h */ = {isa = PBXFileReference; fileEncoding = 4; lastKnownFileType = sourcecode.c.h; path = TCP_Internal.h; sourceTree = "<group>"; };
		539FDEFA1004A3BE00C022A3 /* BLIP.h */ = {isa = PBXFileReference; fileEncoding = 4; lastKnownFileType = sourcecode.c.h; path = BLIP.h; sourceTree = "<group>"; };
		539FDEFB1004A3BE00C022A3 /* BLIPConnection.h */ = {isa = PBXFileReference; fileEncoding = 4; lastKnownFileType = sourcecode.c.h; path = BLIPConnection.h; sourceTree = "<group>"; };
		539FDEFC1004A3BE00C022A3 /* BLIPConnection.m */ = {isa = PBXFileReference; fileEncoding = 4; lastKnownFileType = sourcecode.c.objc; path = BLIPConnection.m; sourceTree = "<group>"; };
		539FDEFD1004A3BE00C022A3 /* BLIPDispatcher.h */ = {isa = PBXFileReference; fileEncoding = 4; lastKnownFileType = sourcecode.c.h; path = BLIPDispatcher.h; sourceTree = "<group>"; };
		539FDEFE1004A3BE00C022A3 /* BLIPDispatcher.m */ = {isa = PBXFileReference; fileEncoding = 4; lastKnownFileType = sourcecode.c.objc; path = BLIPDispatcher.m; sourceTree = "<group>"; };
		539FDEFF1004A3BE00C022A3 /* BLIPMessage.h */ = {isa = PBXFileReference; fileEncoding = 4; lastKnownFileType = sourcecode.c.h; path = BLIPMessage.h; sourceTree = "<group>"; };
		539FDF001004A3BE00C022A3 /* BLIPMessage.m */ = {isa = PBXFileReference; fileEncoding = 4; lastKnownFileType = sourcecode.c.objc; path = BLIPMessage.m; sourceTree = "<group>"; };
		539FDF011004A3BE00C022A3 /* BLIPRequest.h */ = {isa = PBXFileReference; fileEncoding = 4; lastKnownFileType = sourcecode.c.h; path = BLIPRequest.h; sourceTree = "<group>"; };
		539FDF021004A3BE00C022A3 /* BLIPRequest.m */ = {isa = PBXFileReference; fileEncoding = 4; lastKnownFileType = sourcecode.c.objc; path = BLIPRequest.m; sourceTree = "<group>"; };
		539FDF031004A3BE00C022A3 /* BLIPProperties.h */ = {isa = PBXFileReference; fileEncoding = 4; lastKnownFileType = sourcecode.c.h; path = BLIPProperties.h; sourceTree = "<group>"; };
		539FDF041004A3BE00C022A3 /* BLIPProperties.m */ = {isa = PBXFileReference; fileEncoding = 4; lastKnownFileType = sourcecode.c.objc; path = BLIPProperties.m; sourceTree = "<group>"; };
		539FDF051004A3BE00C022A3 /* BLIPReader.h */ = {isa = PBXFileReference; fileEncoding = 4; lastKnownFileType = sourcecode.c.h; path = BLIPReader.h; sourceTree = "<group>"; };
		539FDF061004A3BE00C022A3 /* BLIPReader.m */ = {isa = PBXFileReference; fileEncoding = 4; lastKnownFileType = sourcecode.c.objc; path = BLIPReader.m; sourceTree = "<group>"; };
		539FDF071004A3BE00C022A3 /* BLIPWriter.h */ = {isa = PBXFileReference; fileEncoding = 4; lastKnownFileType = sourcecode.c.h; path = BLIPWriter.h; sourceTree = "<group>"; };
		539FDF081004A3BE00C022A3 /* BLIPWriter.m */ = {isa = PBXFileReference; fileEncoding = 4; lastKnownFileType = sourcecode.c.objc; path = BLIPWriter.m; sourceTree = "<group>"; };
		539FDF091004A3BE00C022A3 /* BLIP_Internal.h */ = {isa = PBXFileReference; fileEncoding = 4; lastKnownFileType = sourcecode.c.h; path = BLIP_Internal.h; sourceTree = "<group>"; };
		539FDF201004A3F900C022A3 /* ConcurrentOperation.h */ = {isa = PBXFileReference; fileEncoding = 4; lastKnownFileType = sourcecode.c.h; path = ConcurrentOperation.h; sourceTree = "<group>"; };
		539FDF211004A3F900C022A3 /* ConcurrentOperation.m */ = {isa = PBXFileReference; fileEncoding = 4; lastKnownFileType = sourcecode.c.objc; path = ConcurrentOperation.m; sourceTree = "<group>"; };
		539FDF231004A3F900C022A3 /* MYUtilities_Prefix.pch */ = {isa = PBXFileReference; fileEncoding = 4; lastKnownFileType = sourcecode.c.h; path = MYUtilities_Prefix.pch; sourceTree = "<group>"; };
		539FDF241004A3F900C022A3 /* CollectionUtils.h */ = {isa = PBXFileReference; fileEncoding = 4; lastKnownFileType = sourcecode.c.h; path = CollectionUtils.h; sourceTree = "<group>"; };
		539FDF251004A3F900C022A3 /* CollectionUtils.m */ = {isa = PBXFileReference; fileEncoding = 4; lastKnownFileType = sourcecode.c.objc; path = CollectionUtils.m; sourceTree = "<group>"; };
		539FDF261004A3F900C022A3 /* ExceptionUtils.h */ = {isa = PBXFileReference; fileEncoding = 4; lastKnownFileType = sourcecode.c.h; path = ExceptionUtils.h; sourceTree = "<group>"; };
		539FDF271004A3F900C022A3 /* ExceptionUtils.m */ = {isa = PBXFileReference; fileEncoding = 4; lastKnownFileType = sourcecode.c.objc; path = ExceptionUtils.m; sourceTree = "<group>"; };
		539FDF281004A3F900C022A3 /* Logging.h */ = {isa = PBXFileReference; fileEncoding = 4; lastKnownFileType = sourcecode.c.h; path = Logging.h; sourceTree = "<group>"; };
		539FDF291004A3F900C022A3 /* Logging.m */ = {isa = PBXFileReference; fileEncoding = 4; lastKnownFileType = sourcecode.c.objc; path = Logging.m; sourceTree = "<group>"; };
		539FDF2A1004A3F900C022A3 /* Target.h */ = {isa = PBXFileReference; fileEncoding = 4; lastKnownFileType = sourcecode.c.h; path = Target.h; sourceTree = "<group>"; };
		539FDF2B1004A3F900C022A3 /* Target.m */ = {isa = PBXFileReference; fileEncoding = 4; lastKnownFileType = sourcecode.c.objc; path = Target.m; sourceTree = "<group>"; };
		539FDF2C1004A3F900C022A3 /* Test.h */ = {isa = PBXFileReference; fileEncoding = 4; lastKnownFileType = sourcecode.c.h; path = Test.h; sourceTree = "<group>"; };
		539FDF2D1004A3F900C022A3 /* Test.m */ = {isa = PBXFileReference; fileEncoding = 4; lastKnownFileType = sourcecode.c.objc; path = Test.m; sourceTree = "<group>"; };
		539FDF2E1004A3F900C022A3 /* MYUtilities_Debug.xcconfig */ = {isa = PBXFileReference; fileEncoding = 4; lastKnownFileType = text.xcconfig; path = MYUtilities_Debug.xcconfig; sourceTree = "<group>"; };
		539FDF2F1004A3F900C022A3 /* MYUtilities_Release.xcconfig */ = {isa = PBXFileReference; fileEncoding = 4; lastKnownFileType = text.xcconfig; path = MYUtilities_Release.xcconfig; sourceTree = "<group>"; };
		539FDF311004A3F900C022A3 /* GTMDefines.h */ = {isa = PBXFileReference; fileEncoding = 4; lastKnownFileType = sourcecode.c.h; path = GTMDefines.h; sourceTree = "<group>"; };
		539FDF321004A3F900C022A3 /* GTMNSData+zlib.h */ = {isa = PBXFileReference; fileEncoding = 4; lastKnownFileType = sourcecode.c.h; path = "GTMNSData+zlib.h"; sourceTree = "<group>"; };
		539FDF331004A3F900C022A3 /* GTMNSData+zlib.m */ = {isa = PBXFileReference; fileEncoding = 4; lastKnownFileType = sourcecode.c.objc; path = "GTMNSData+zlib.m"; sourceTree = "<group>"; };
		539FDF4E1004A53900C022A3 /* CFNetwork.framework */ = {isa = PBXFileReference; lastKnownFileType = wrapper.framework; name = CFNetwork.framework; path = System/Library/Frameworks/CFNetwork.framework; sourceTree = SDKROOT; };
		539FDF501004A53E00C022A3 /* Security.framework */ = {isa = PBXFileReference; lastKnownFileType = wrapper.framework; name = Security.framework; path = System/Library/Frameworks/Security.framework; sourceTree = SDKROOT; };
		539FDF521004A54500C022A3 /* libz.dylib */ = {isa = PBXFileReference; lastKnownFileType = "compiled.mach-o.dylib"; name = libz.dylib; path = usr/lib/libz.dylib; sourceTree = SDKROOT; };
		539FDF811004A60B00C022A3 /* RenderService.h */ = {isa = PBXFileReference; fileEncoding = 4; lastKnownFileType = sourcecode.c.h; name = RenderService.h; path = src/RenderService.h; sourceTree = "<group>"; };
		539FDF821004A60B00C022A3 /* RenderService.m */ = {isa = PBXFileReference; fileEncoding = 4; lastKnownFileType = sourcecode.c.objc; name = RenderService.m; path = src/RenderService.m; sourceTree = "<group>"; };
		53A4B19A101614750061BECC /* FontEditor.h */ = {isa = PBXFileReference; fileEncoding = 4; lastKnownFileType = sourcecode.c.h; path = FontEditor.h; sourceTree = "<group>"; };
		53A4B19B101614750061BECC /* FontEditor.m */ = {isa = PBXFileReference; fileEncoding = 4; lastKnownFileType = sourcecode.c.objc; path = FontEditor.m; sourceTree = "<group>"; };
		53A59FB80FF17B0F00C82D9A /* SettingsController.h */ = {isa = PBXFileReference; fileEncoding = 4; lastKnownFileType = sourcecode.c.h; path = SettingsController.h; sourceTree = "<group>"; };
		53A59FB90FF17B0F00C82D9A /* SettingsController.m */ = {isa = PBXFileReference; fileEncoding = 4; lastKnownFileType = sourcecode.c.objc; path = SettingsController.m; sourceTree = "<group>"; };
		53D972530FF5541700E62B9A /* ColorEditor.h */ = {isa = PBXFileReference; fileEncoding = 4; lastKnownFileType = sourcecode.c.h; path = ColorEditor.h; sourceTree = "<group>"; };
		53D972540FF5541700E62B9A /* ColorEditor.m */ = {isa = PBXFileReference; fileEncoding = 4; lastKnownFileType = sourcecode.c.objc; path = ColorEditor.m; sourceTree = "<group>"; };
		53D972550FF5541700E62B9A /* FloatEditor.h */ = {isa = PBXFileReference; fileEncoding = 4; lastKnownFileType = sourcecode.c.h; path = FloatEditor.h; sourceTree = "<group>"; };
		53D972560FF5541700E62B9A /* FloatEditor.m */ = {isa = PBXFileReference; fileEncoding = 4; lastKnownFileType = sourcecode.c.objc; path = FloatEditor.m; sourceTree = "<group>"; };
		53D972570FF5541700E62B9A /* IntEditor.h */ = {isa = PBXFileReference; fileEncoding = 4; lastKnownFileType = sourcecode.c.h; path = IntEditor.h; sourceTree = "<group>"; };
		53D972580FF5541700E62B9A /* IntEditor.m */ = {isa = PBXFileReference; fileEncoding = 4; lastKnownFileType = sourcecode.c.objc; path = IntEditor.m; sourceTree = "<group>"; };
		53D9790A0FFB98B700E62B9A /* ObjectEditor.h */ = {isa = PBXFileReference; fileEncoding = 4; lastKnownFileType = sourcecode.c.h; path = ObjectEditor.h; sourceTree = "<group>"; };
		53D9790B0FFB98B700E62B9A /* ObjectEditor.m */ = {isa = PBXFileReference; fileEncoding = 4; lastKnownFileType = sourcecode.c.objc; path = ObjectEditor.m; sourceTree = "<group>"; };
		53D9790C0FFB98B700E62B9A /* StyleEditor.h */ = {isa = PBXFileReference; fileEncoding = 4; lastKnownFileType = sourcecode.c.h; path = StyleEditor.h; sourceTree = "<group>"; };
		53D9790D0FFB98B700E62B9A /* StyleEditor.m */ = {isa = PBXFileReference; fileEncoding = 4; lastKnownFileType = sourcecode.c.objc; path = StyleEditor.m; sourceTree = "<group>"; };
		53D979940FFBD2CE00E62B9A /* NewObjectPickerController.h */ = {isa = PBXFileReference; fileEncoding = 4; lastKnownFileType = sourcecode.c.h; path = NewObjectPickerController.h; sourceTree = "<group>"; };
		53D979950FFBD2CE00E62B9A /* NewObjectPickerController.m */ = {isa = PBXFileReference; fileEncoding = 4; lastKnownFileType = sourcecode.c.objc; path = NewObjectPickerController.m; sourceTree = "<group>"; };
		53D979C10FFBD7F300E62B9A /* TTShapeAdditions.h */ = {isa = PBXFileReference; fileEncoding = 4; lastKnownFileType = sourcecode.c.h; path = TTShapeAdditions.h; sourceTree = "<group>"; };
		53D979C20FFBD7F300E62B9A /* TTShapeAdditions.m */ = {isa = PBXFileReference; fileEncoding = 4; lastKnownFileType = sourcecode.c.objc; path = TTShapeAdditions.m; sourceTree = "<group>"; };
		53F147150FFD337D00C959C7 /* Three20.bundle */ = {isa = PBXFileReference; lastKnownFileType = "wrapper.plug-in"; name = Three20.bundle; path = three20/src/Three20.bundle; sourceTree = SOURCE_ROOT; };
		53F1472A0FFD338900C959C7 /* Three20.xcodeproj */ = {isa = PBXFileReference; lastKnownFileType = "wrapper.pb-project"; name = Three20.xcodeproj; path = three20/src/Three20.xcodeproj; sourceTree = SOURCE_ROOT; };
		53F148780FFE3F3700C959C7 /* StringEditor.h */ = {isa = PBXFileReference; fileEncoding = 4; lastKnownFileType = sourcecode.c.h; path = StringEditor.h; sourceTree = "<group>"; };
		53F148790FFE3F3700C959C7 /* StringEditor.m */ = {isa = PBXFileReference; fileEncoding = 4; lastKnownFileType = sourcecode.c.objc; path = StringEditor.m; sourceTree = "<group>"; };
		53F149610FFE5D4900C959C7 /* UIColorAdditions.h */ = {isa = PBXFileReference; fileEncoding = 4; lastKnownFileType = sourcecode.c.h; path = UIColorAdditions.h; sourceTree = "<group>"; };
		53F149620FFE5D4900C959C7 /* UIColorAdditions.m */ = {isa = PBXFileReference; fileEncoding = 4; lastKnownFileType = sourcecode.c.objc; path = UIColorAdditions.m; sourceTree = "<group>"; };
		8D1107310486CEB800E47090 /* TTStyleBuilder-Info.plist */ = {isa = PBXFileReference; fileEncoding = 4; lastKnownFileType = text.plist.xml; path = "TTStyleBuilder-Info.plist"; plistStructureDefinitionIdentifier = "com.apple.xcode.plist.structure-definition.iphone.info-plist"; sourceTree = "<group>"; };
/* End PBXFileReference section */

/* Begin PBXFrameworksBuildPhase section */
		1D60588F0D05DD3D006BFB54 /* Frameworks */ = {
			isa = PBXFrameworksBuildPhase;
			buildActionMask = 2147483647;
			files = (
				1D60589F0D05DD5A006BFB54 /* Foundation.framework in Frameworks */,
				1DF5F4E00D08C38300B7A737 /* UIKit.framework in Frameworks */,
				2892E4100DC94CBA00A64D0F /* CoreGraphics.framework in Frameworks */,
				5398FA230FE506500041DFF8 /* QuartzCore.framework in Frameworks */,
				53F147360FFD33A000C959C7 /* libThree20.a in Frameworks */,
				539FDF4F1004A53900C022A3 /* CFNetwork.framework in Frameworks */,
				539FDF511004A53E00C022A3 /* Security.framework in Frameworks */,
				539FDF531004A54500C022A3 /* libz.dylib in Frameworks */,
			);
			runOnlyForDeploymentPostprocessing = 0;
		};
/* End PBXFrameworksBuildPhase section */

/* Begin PBXGroup section */
		080E96DDFE201D6D7F000001 /* App */ = {
			isa = PBXGroup;
			children = (
				533A1D7A0FEB296D00BECCA4 /* .h */,
				1D3623250D0F684500981E51 /* AppDelegate.m */,
				533A1D780FEB28A000BECCA4 /* MainMenuController.m */,
				5370049E0FEB2F7B00C1A0D0 /* StyleSheetController.m */,
				539FD81B1002065C00C022A3 /* StyleBrowserController.m */,
				53A59FB90FF17B0F00C82D9A /* SettingsController.m */,
				53049E870FE67B4E00DD937B /* TTStyleBuilderGlobal.h */,
			);
			name = App;
			path = src;
			sourceTree = "<group>";
		};
		19C28FACFE9D520D11CA2CBB /* Products */ = {
			isa = PBXGroup;
			children = (
				1D6058910D05DD3D006BFB54 /* TTStyleBuilder.app */,
			);
			name = Products;
			sourceTree = "<group>";
		};
		29B97314FDCFA39411CA2CEA /* CustomTemplate */ = {
			isa = PBXGroup;
			children = (
				539FDF861004A74200C022A3 /* Network */,
				536E0AEC0FEAAF8500C159E7 /* Style Structure */,
				536E0AED0FEAAF8D00C159E7 /* Object Editor */,
				53049E820FE6798000DD937B /* Additions */,
				080E96DDFE201D6D7F000001 /* App */,
				29B97315FDCFA39411CA2CEA /* Other Sources */,
				29B97317FDCFA39411CA2CEA /* Resources */,
				29B97323FDCFA39411CA2CEA /* Frameworks */,
				19C28FACFE9D520D11CA2CBB /* Products */,
			);
			name = CustomTemplate;
			sourceTree = "<group>";
		};
		29B97315FDCFA39411CA2CEA /* Other Sources */ = {
			isa = PBXGroup;
			children = (
				539FDED71004A39400C022A3 /* myutilities */,
				539FDED61004A38B00C022A3 /* mynetwork */,
				53F1472A0FFD338900C959C7 /* Three20.xcodeproj */,
				53F147150FFD337D00C959C7 /* Three20.bundle */,
				28A0AAE50D9B0CCF005BE974 /* TTStyleBuilder_Prefix.pch */,
				29B97316FDCFA39411CA2CEA /* main.m */,
				539FDA5C100355AA00C022A3 /* AlertPromptView.h */,
				539FDA5D100355AA00C022A3 /* AlertPromptView.m */,
			);
			name = "Other Sources";
			sourceTree = "<group>";
		};
		29B97317FDCFA39411CA2CEA /* Resources */ = {
			isa = PBXGroup;
			children = (
				8D1107310486CEB800E47090 /* TTStyleBuilder-Info.plist */,
			);
			name = Resources;
			sourceTree = "<group>";
		};
		29B97323FDCFA39411CA2CEA /* Frameworks */ = {
			isa = PBXGroup;
			children = (
				539FDF4E1004A53900C022A3 /* CFNetwork.framework */,
				539FDF501004A53E00C022A3 /* Security.framework */,
				539FDF521004A54500C022A3 /* libz.dylib */,
				5398FA220FE506500041DFF8 /* QuartzCore.framework */,
				1DF5F4DF0D08C38300B7A737 /* UIKit.framework */,
				1D30AB110D05D00D00671497 /* Foundation.framework */,
				2892E40F0DC94CBA00A64D0F /* CoreGraphics.framework */,
			);
			name = Frameworks;
			sourceTree = "<group>";
		};
		53049E820FE6798000DD937B /* Additions */ = {
			isa = PBXGroup;
			children = (
				537005700FEBFE3400C1A0D0 /* .h */,
				53D979C20FFBD7F300E62B9A /* TTShapeAdditions.m */,
				53049E840FE6799100DD937B /* TTStyleAdditions.m */,
				53F149620FFE5D4900C959C7 /* UIColorAdditions.m */,
				5304A1E30FE6C37100DD937B /* NSObjectAdditions.m */,
				5370056E0FEBFE2D00C1A0D0 /* RuntimeSupport.m */,
				5304A2150FE6C7D600DD937B /* NSDebug.h */,
			);
			path = Additions;
			sourceTree = "<group>";
		};
		533A1D7A0FEB296D00BECCA4 /* .h */ = {
			isa = PBXGroup;
			children = (
				53A59FB80FF17B0F00C82D9A /* SettingsController.h */,
				5370049D0FEB2F7B00C1A0D0 /* StyleSheetController.h */,
				539FD81A1002065C00C022A3 /* StyleBrowserController.h */,
				1D3623240D0F684500981E51 /* AppDelegate.h */,
				533A1D770FEB28A000BECCA4 /* MainMenuController.h */,
			);
			name = .h;
			sourceTree = "<group>";
		};
		536E0AEC0FEAAF8500C159E7 /* Style Structure */ = {
			isa = PBXGroup;
			children = (
				536E0B1A0FEAB17700C159E7 /* .h */,
				536E0B0F0FEAB15500C159E7 /* StyleStructureController.m */,
				536E0B310FEAB23800C159E7 /* StyleStructureDataSource.m */,
				536E0B2E0FEAB20A00C159E7 /* StylePreview.m */,
			);
			name = "Style Structure";
			path = src;
			sourceTree = "<group>";
		};
		536E0AED0FEAAF8D00C159E7 /* Object Editor */ = {
			isa = PBXGroup;
			children = (
				536E0AEE0FEAAFB400C159E7 /* .h */,
				536E0B080FEAB13500C159E7 /* PropertyEditorSystem.m */,
				53D972540FF5541700E62B9A /* ColorEditor.m */,
				53A4B19B101614750061BECC /* FontEditor.m */,
				53F148790FFE3F3700C959C7 /* StringEditor.m */,
				53D972560FF5541700E62B9A /* FloatEditor.m */,
				53D972580FF5541700E62B9A /* IntEditor.m */,
				536E0CC00FEB0ED600C159E7 /* CGSizeEditor.m */,
				536E0CDF0FEB111800C159E7 /* UIEdgeInsetsEditor.m */,
				53D9790B0FFB98B700E62B9A /* ObjectEditor.m */,
				53D9790D0FFB98B700E62B9A /* StyleEditor.m */,
				536E0B120FEAB16500C159E7 /* PropertyField.m */,
				536E0B140FEAB16500C159E7 /* PropertyFieldCell.m */,
				53D979950FFBD2CE00E62B9A /* NewObjectPickerController.m */,
			);
			name = "Object Editor";
			path = src;
			sourceTree = "<group>";
		};
		536E0AEE0FEAAFB400C159E7 /* .h */ = {
			isa = PBXGroup;
			children = (
				536E0B070FEAB13500C159E7 /* PropertyEditorSystem.h */,
				53D972530FF5541700E62B9A /* ColorEditor.h */,
				53A4B19A101614750061BECC /* FontEditor.h */,
				53F148780FFE3F3700C959C7 /* StringEditor.h */,
				53D972550FF5541700E62B9A /* FloatEditor.h */,
				53D972570FF5541700E62B9A /* IntEditor.h */,
				536E0CBF0FEB0ED600C159E7 /* CGSizeEditor.h */,
				536E0CDE0FEB111800C159E7 /* UIEdgeInsetsEditor.h */,
				53D9790A0FFB98B700E62B9A /* ObjectEditor.h */,
				53D9790C0FFB98B700E62B9A /* StyleEditor.h */,
				536E0B110FEAB16500C159E7 /* PropertyField.h */,
				536E0B130FEAB16500C159E7 /* PropertyFieldCell.h */,
				53D979940FFBD2CE00E62B9A /* NewObjectPickerController.h */,
			);
			name = .h;
			sourceTree = "<group>";
		};
		536E0B1A0FEAB17700C159E7 /* .h */ = {
			isa = PBXGroup;
			children = (
				536E0B0E0FEAB15500C159E7 /* StyleStructureController.h */,
				536E0B300FEAB23800C159E7 /* StyleStructureDataSource.h */,
				536E0B2D0FEAB20A00C159E7 /* StylePreview.h */,
			);
			name = .h;
			sourceTree = "<group>";
		};
		537005700FEBFE3400C1A0D0 /* .h */ = {
			isa = PBXGroup;
			children = (
				53D979C10FFBD7F300E62B9A /* TTShapeAdditions.h */,
				53049E830FE6799100DD937B /* TTStyleAdditions.h */,
				53F149610FFE5D4900C959C7 /* UIColorAdditions.h */,
				5304A1E20FE6C37100DD937B /* NSObjectAdditions.h */,
				5370056D0FEBFE2D00C1A0D0 /* RuntimeSupport.h */,
			);
			name = .h;
			sourceTree = "<group>";
		};
		539FDED61004A38B00C022A3 /* mynetwork */ = {
			isa = PBXGroup;
			children = (
				539FDEE31004A3BE00C022A3 /* Bonjour */,
				539FDEEC1004A3BE00C022A3 /* TCP */,
				539FDEF91004A3BE00C022A3 /* BLIP */,
				539FDEDF1004A3BE00C022A3 /* PortMapper */,
				539FDED81004A3BE00C022A3 /* Addressing */,
			);
			path = mynetwork;
			sourceTree = "<group>";
		};
		539FDED71004A39400C022A3 /* myutilities */ = {
			isa = PBXGroup;
			children = (
				539FDF201004A3F900C022A3 /* ConcurrentOperation.h */,
				539FDF211004A3F900C022A3 /* ConcurrentOperation.m */,
				539FDF231004A3F900C022A3 /* MYUtilities_Prefix.pch */,
				539FDF241004A3F900C022A3 /* CollectionUtils.h */,
				539FDF251004A3F900C022A3 /* CollectionUtils.m */,
				539FDF261004A3F900C022A3 /* ExceptionUtils.h */,
				539FDF271004A3F900C022A3 /* ExceptionUtils.m */,
				539FDF281004A3F900C022A3 /* Logging.h */,
				539FDF291004A3F900C022A3 /* Logging.m */,
				539FDF2A1004A3F900C022A3 /* Target.h */,
				539FDF2B1004A3F900C022A3 /* Target.m */,
				539FDF2C1004A3F900C022A3 /* Test.h */,
				539FDF2D1004A3F900C022A3 /* Test.m */,
				539FDF2E1004A3F900C022A3 /* MYUtilities_Debug.xcconfig */,
				539FDF2F1004A3F900C022A3 /* MYUtilities_Release.xcconfig */,
				539FDF301004A3F900C022A3 /* GoogleToolboxSubset */,
			);
			path = myutilities;
			sourceTree = "<group>";
		};
		539FDED81004A3BE00C022A3 /* Addressing */ = {
			isa = PBXGroup;
			children = (
				539FDED91004A3BE00C022A3 /* IPAddress.h */,
				539FDEDA1004A3BE00C022A3 /* IPAddress.m */,
				539FDEDB1004A3BE00C022A3 /* MYDNSService.h */,
				539FDEDC1004A3BE00C022A3 /* MYDNSService.m */,
				539FDEDD1004A3BE00C022A3 /* MYAddressLookup.h */,
				539FDEDE1004A3BE00C022A3 /* MYAddressLookup.m */,
			);
			name = Addressing;
			sourceTree = "<group>";
		};
		539FDEDF1004A3BE00C022A3 /* PortMapper */ = {
			isa = PBXGroup;
			children = (
				539FDEE01004A3BE00C022A3 /* MYPortMapper.h */,
				539FDEE11004A3BE00C022A3 /* MYPortMapper.m */,
				539FDEE21004A3BE00C022A3 /* PortMapperTest.m */,
			);
			path = PortMapper;
			sourceTree = "<group>";
		};
		539FDEE31004A3BE00C022A3 /* Bonjour */ = {
			isa = PBXGroup;
			children = (
				539FDEE41004A3BE00C022A3 /* MYBonjourBrowser.h */,
				539FDEE51004A3BE00C022A3 /* MYBonjourBrowser.m */,
				539FDEE61004A3BE00C022A3 /* MYBonjourService.h */,
				539FDEE71004A3BE00C022A3 /* MYBonjourService.m */,
				539FDEE81004A3BE00C022A3 /* MYBonjourQuery.h */,
				539FDEE91004A3BE00C022A3 /* MYBonjourQuery.m */,
				539FDEEA1004A3BE00C022A3 /* MYBonjourRegistration.h */,
				539FDEEB1004A3BE00C022A3 /* MYBonjourRegistration.m */,
			);
			name = Bonjour;
			sourceTree = "<group>";
		};
		539FDEEC1004A3BE00C022A3 /* TCP */ = {
			isa = PBXGroup;
			children = (
				539FDEED1004A3BE00C022A3 /* TCPConnection.h */,
				539FDEEE1004A3BE00C022A3 /* TCPConnection.m */,
				539FDEEF1004A3BE00C022A3 /* TCPEndpoint.h */,
				539FDEF01004A3BE00C022A3 /* TCPEndpoint.m */,
				539FDEF11004A3BE00C022A3 /* TCPEndpoint+Certs.m */,
				539FDEF21004A3BE00C022A3 /* TCPListener.h */,
				539FDEF31004A3BE00C022A3 /* TCPListener.m */,
				539FDEF41004A3BE00C022A3 /* TCPStream.h */,
				539FDEF51004A3BE00C022A3 /* TCPStream.m */,
				539FDEF61004A3BE00C022A3 /* TCPWriter.h */,
				539FDEF71004A3BE00C022A3 /* TCPWriter.m */,
				539FDEF81004A3BE00C022A3 /* TCP_Internal.h */,
			);
			path = TCP;
			sourceTree = "<group>";
		};
		539FDEF91004A3BE00C022A3 /* BLIP */ = {
			isa = PBXGroup;
			children = (
				539FDEFA1004A3BE00C022A3 /* BLIP.h */,
				539FDEFB1004A3BE00C022A3 /* BLIPConnection.h */,
				539FDEFC1004A3BE00C022A3 /* BLIPConnection.m */,
				539FDEFD1004A3BE00C022A3 /* BLIPDispatcher.h */,
				539FDEFE1004A3BE00C022A3 /* BLIPDispatcher.m */,
				539FDEFF1004A3BE00C022A3 /* BLIPMessage.h */,
				539FDF001004A3BE00C022A3 /* BLIPMessage.m */,
				539FDF011004A3BE00C022A3 /* BLIPRequest.h */,
				539FDF021004A3BE00C022A3 /* BLIPRequest.m */,
				539FDF031004A3BE00C022A3 /* BLIPProperties.h */,
				539FDF041004A3BE00C022A3 /* BLIPProperties.m */,
				539FDF051004A3BE00C022A3 /* BLIPReader.h */,
				539FDF061004A3BE00C022A3 /* BLIPReader.m */,
				539FDF071004A3BE00C022A3 /* BLIPWriter.h */,
				539FDF081004A3BE00C022A3 /* BLIPWriter.m */,
				539FDF091004A3BE00C022A3 /* BLIP_Internal.h */,
			);
			path = BLIP;
			sourceTree = "<group>";
		};
		539FDF301004A3F900C022A3 /* GoogleToolboxSubset */ = {
			isa = PBXGroup;
			children = (
				539FDF311004A3F900C022A3 /* GTMDefines.h */,
				539FDF321004A3F900C022A3 /* GTMNSData+zlib.h */,
				539FDF331004A3F900C022A3 /* GTMNSData+zlib.m */,
			);
			path = GoogleToolboxSubset;
			sourceTree = "<group>";
		};
		539FDF861004A74200C022A3 /* Network */ = {
			isa = PBXGroup;
			children = (
				539FDF811004A60B00C022A3 /* RenderService.h */,
				539FDF821004A60B00C022A3 /* RenderService.m */,
			);
			name = Network;
			sourceTree = "<group>";
		};
		53F147300FFD338900C959C7 /* Products */ = {
			isa = PBXGroup;
			children = (
				53F147340FFD338900C959C7 /* libThree20.a */,
			);
			name = Products;
			sourceTree = "<group>";
		};
/* End PBXGroup section */

/* Begin PBXNativeTarget section */
		1D6058900D05DD3D006BFB54 /* TTStyleBuilder */ = {
			isa = PBXNativeTarget;
			buildConfigurationList = 1D6058960D05DD3E006BFB54 /* Build configuration list for PBXNativeTarget "TTStyleBuilder" */;
			buildPhases = (
				1D60588D0D05DD3D006BFB54 /* Resources */,
				1D60588E0D05DD3D006BFB54 /* Sources */,
				1D60588F0D05DD3D006BFB54 /* Frameworks */,
			);
			buildRules = (
			);
			dependencies = (
				53F147410FFD33F400C959C7 /* PBXTargetDependency */,
			);
			name = TTStyleBuilder;
			productName = TTStyleBuilder;
			productReference = 1D6058910D05DD3D006BFB54 /* TTStyleBuilder.app */;
			productType = "com.apple.product-type.application";
		};
/* End PBXNativeTarget section */

/* Begin PBXProject section */
		29B97313FDCFA39411CA2CEA /* Project object */ = {
			isa = PBXProject;
			buildConfigurationList = C01FCF4E08A954540054247B /* Build configuration list for PBXProject "TTStyleBuilder" */;
			compatibilityVersion = "Xcode 3.1";
			hasScannedForEncodings = 1;
			knownRegions = (
				English,
				Japanese,
				French,
				German,
				en,
			);
			mainGroup = 29B97314FDCFA39411CA2CEA /* CustomTemplate */;
			projectDirPath = "";
			projectReferences = (
				{
					ProductGroup = 53F147300FFD338900C959C7 /* Products */;
					ProjectRef = 53F1472A0FFD338900C959C7 /* Three20.xcodeproj */;
				},
			);
			projectRoot = "";
			targets = (
				1D6058900D05DD3D006BFB54 /* TTStyleBuilder */,
			);
		};
/* End PBXProject section */

/* Begin PBXReferenceProxy section */
		53F147340FFD338900C959C7 /* libThree20.a */ = {
			isa = PBXReferenceProxy;
			fileType = archive.ar;
			path = libThree20.a;
			remoteRef = 53F147330FFD338900C959C7 /* PBXContainerItemProxy */;
			sourceTree = BUILT_PRODUCTS_DIR;
		};
/* End PBXReferenceProxy section */

/* Begin PBXResourcesBuildPhase section */
		1D60588D0D05DD3D006BFB54 /* Resources */ = {
			isa = PBXResourcesBuildPhase;
			buildActionMask = 2147483647;
			files = (
				53F147160FFD337D00C959C7 /* Three20.bundle in Resources */,
				539FDF3B1004A3F900C022A3 /* MYUtilities_Debug.xcconfig in Resources */,
				539FDF3C1004A3F900C022A3 /* MYUtilities_Release.xcconfig in Resources */,
			);
			runOnlyForDeploymentPostprocessing = 0;
		};
/* End PBXResourcesBuildPhase section */

/* Begin PBXSourcesBuildPhase section */
		1D60588E0D05DD3D006BFB54 /* Sources */ = {
			isa = PBXSourcesBuildPhase;
			buildActionMask = 2147483647;
			files = (
				1D60589B0D05DD56006BFB54 /* main.m in Sources */,
				1D3623260D0F684500981E51 /* AppDelegate.m in Sources */,
				53049E850FE6799100DD937B /* TTStyleAdditions.m in Sources */,
				5304A1E40FE6C37100DD937B /* NSObjectAdditions.m in Sources */,
				536E0B090FEAB13500C159E7 /* PropertyEditorSystem.m in Sources */,
				536E0B100FEAB15500C159E7 /* StyleStructureController.m in Sources */,
				536E0B170FEAB16500C159E7 /* PropertyField.m in Sources */,
				536E0B180FEAB16500C159E7 /* PropertyFieldCell.m in Sources */,
				536E0B2F0FEAB20A00C159E7 /* StylePreview.m in Sources */,
				536E0B320FEAB23800C159E7 /* StyleStructureDataSource.m in Sources */,
				536E0CC10FEB0ED600C159E7 /* CGSizeEditor.m in Sources */,
				536E0CE00FEB111800C159E7 /* UIEdgeInsetsEditor.m in Sources */,
				533A1D790FEB28A000BECCA4 /* MainMenuController.m in Sources */,
				5370049F0FEB2F7B00C1A0D0 /* StyleSheetController.m in Sources */,
				5370056F0FEBFE2D00C1A0D0 /* RuntimeSupport.m in Sources */,
				53A59FBA0FF17B0F00C82D9A /* SettingsController.m in Sources */,
				53D972590FF5541700E62B9A /* ColorEditor.m in Sources */,
				53D9725A0FF5541700E62B9A /* FloatEditor.m in Sources */,
				53D9725B0FF5541700E62B9A /* IntEditor.m in Sources */,
				53D9790E0FFB98B700E62B9A /* ObjectEditor.m in Sources */,
				53D9790F0FFB98B700E62B9A /* StyleEditor.m in Sources */,
				53D979960FFBD2CE00E62B9A /* NewObjectPickerController.m in Sources */,
				53D979C30FFBD7F300E62B9A /* TTShapeAdditions.m in Sources */,
				53F1487A0FFE3F3700C959C7 /* StringEditor.m in Sources */,
				53F149630FFE5D4900C959C7 /* UIColorAdditions.m in Sources */,
				539FD81C1002065C00C022A3 /* StyleBrowserController.m in Sources */,
				539FDA5E100355AA00C022A3 /* AlertPromptView.m in Sources */,
				539FDF0A1004A3BE00C022A3 /* IPAddress.m in Sources */,
				539FDF0B1004A3BE00C022A3 /* MYDNSService.m in Sources */,
				539FDF0C1004A3BE00C022A3 /* MYAddressLookup.m in Sources */,
				539FDF0D1004A3BE00C022A3 /* MYPortMapper.m in Sources */,
				539FDF0E1004A3BE00C022A3 /* PortMapperTest.m in Sources */,
				539FDF0F1004A3BE00C022A3 /* MYBonjourBrowser.m in Sources */,
				539FDF101004A3BE00C022A3 /* MYBonjourService.m in Sources */,
				539FDF111004A3BE00C022A3 /* MYBonjourQuery.m in Sources */,
				539FDF121004A3BE00C022A3 /* MYBonjourRegistration.m in Sources */,
				539FDF131004A3BE00C022A3 /* TCPConnection.m in Sources */,
				539FDF141004A3BE00C022A3 /* TCPEndpoint.m in Sources */,
				539FDF151004A3BE00C022A3 /* TCPEndpoint+Certs.m in Sources */,
				539FDF161004A3BE00C022A3 /* TCPListener.m in Sources */,
				539FDF171004A3BE00C022A3 /* TCPStream.m in Sources */,
				539FDF181004A3BE00C022A3 /* TCPWriter.m in Sources */,
				539FDF191004A3BE00C022A3 /* BLIPConnection.m in Sources */,
				539FDF1A1004A3BE00C022A3 /* BLIPDispatcher.m in Sources */,
				539FDF1B1004A3BE00C022A3 /* BLIPMessage.m in Sources */,
				539FDF1C1004A3BE00C022A3 /* BLIPRequest.m in Sources */,
				539FDF1D1004A3BE00C022A3 /* BLIPProperties.m in Sources */,
				539FDF1E1004A3BE00C022A3 /* BLIPReader.m in Sources */,
				539FDF1F1004A3BE00C022A3 /* BLIPWriter.m in Sources */,
				539FDF341004A3F900C022A3 /* ConcurrentOperation.m in Sources */,
				539FDF361004A3F900C022A3 /* CollectionUtils.m in Sources */,
				539FDF371004A3F900C022A3 /* ExceptionUtils.m in Sources */,
				539FDF381004A3F900C022A3 /* Logging.m in Sources */,
				539FDF391004A3F900C022A3 /* Target.m in Sources */,
				539FDF3A1004A3F900C022A3 /* Test.m in Sources */,
				539FDF3D1004A3F900C022A3 /* GTMNSData+zlib.m in Sources */,
				539FDF831004A60B00C022A3 /* RenderService.m in Sources */,
				53A4B19C101614750061BECC /* FontEditor.m in Sources */,
			);
			runOnlyForDeploymentPostprocessing = 0;
		};
/* End PBXSourcesBuildPhase section */

/* Begin PBXTargetDependency section */
		53F147410FFD33F400C959C7 /* PBXTargetDependency */ = {
			isa = PBXTargetDependency;
			name = Three20;
			targetProxy = 53F147400FFD33F400C959C7 /* PBXContainerItemProxy */;
		};
/* End PBXTargetDependency section */

/* Begin XCBuildConfiguration section */
		1D6058940D05DD3E006BFB54 /* Debug */ = {
			isa = XCBuildConfiguration;
			buildSettings = {
				ALWAYS_SEARCH_USER_PATHS = NO;
				"CODE_SIGN_IDENTITY[sdk=iphoneos*]" = "iPhone Developer";
				COPY_PHASE_STRIP = NO;
				GCC_DYNAMIC_NO_PIC = NO;
				GCC_OPTIMIZATION_LEVEL = 0;
				GCC_PRECOMPILE_PREFIX_HEADER = YES;
				GCC_PREFIX_HEADER = TTStyleBuilder_Prefix.pch;
				HEADER_SEARCH_PATHS = (
					three20/src,
					myutilities,
					mynetwork,
				);
				INFOPLIST_FILE = "TTStyleBuilder-Info.plist";
				PRODUCT_NAME = TTStyleBuilder;
				"PROVISIONING_PROFILE[sdk=iphoneos*]" = "";
			};
			name = Debug;
		};
		1D6058950D05DD3E006BFB54 /* Release */ = {
			isa = XCBuildConfiguration;
			buildSettings = {
				ALWAYS_SEARCH_USER_PATHS = NO;
				"CODE_SIGN_IDENTITY[sdk=iphoneos*]" = "iPhone Developer";
				COPY_PHASE_STRIP = YES;
				GCC_PRECOMPILE_PREFIX_HEADER = YES;
				GCC_PREFIX_HEADER = TTStyleBuilder_Prefix.pch;
				HEADER_SEARCH_PATHS = (
					three20/src,
					myutilities,
					mynetwork,
				);
				INFOPLIST_FILE = "TTStyleBuilder-Info.plist";
				PRODUCT_NAME = TTStyleBuilder;
				"PROVISIONING_PROFILE[sdk=iphoneos*]" = "";
			};
			name = Release;
		};
		C01FCF4F08A954540054247B /* Debug */ = {
			isa = XCBuildConfiguration;
			buildSettings = {
				ARCHS = "$(ARCHS_STANDARD_32_BIT)";
				"CODE_SIGN_IDENTITY[sdk=iphoneos*]" = "iPhone Developer";
				GCC_C_LANGUAGE_STANDARD = c99;
				GCC_VERSION = 4.2;
				GCC_WARN_ABOUT_RETURN_TYPE = YES;
				GCC_WARN_UNUSED_VARIABLE = YES;
				HEADER_SEARCH_PATHS = "";
				LINK_WITH_STANDARD_LIBRARIES = YES;
				OTHER_LDFLAGS = (
					"-all_load",
					"-ObjC",
				);
				PREBINDING = NO;
				SDKROOT = iphoneos3.0;
			};
			name = Debug;
		};
		C01FCF5008A954540054247B /* Release */ = {
			isa = XCBuildConfiguration;
			buildSettings = {
				ARCHS = "$(ARCHS_STANDARD_32_BIT)";
				"CODE_SIGN_IDENTITY[sdk=iphoneos*]" = "iPhone Developer";
				GCC_C_LANGUAGE_STANDARD = c99;
				GCC_VERSION = 4.2;
				GCC_WARN_ABOUT_RETURN_TYPE = YES;
				GCC_WARN_UNUSED_VARIABLE = YES;
				HEADER_SEARCH_PATHS = "";
				LINK_WITH_STANDARD_LIBRARIES = YES;
				OTHER_LDFLAGS = (
					"-all_load",
					"-ObjC",
				);
				PREBINDING = NO;
				SDKROOT = iphoneos3.0;
			};
			name = Release;
		};
/* End XCBuildConfiguration section */

/* Begin XCConfigurationList section */
		1D6058960D05DD3E006BFB54 /* Build configuration list for PBXNativeTarget "TTStyleBuilder" */ = {
			isa = XCConfigurationList;
			buildConfigurations = (
				1D6058940D05DD3E006BFB54 /* Debug */,
				1D6058950D05DD3E006BFB54 /* Release */,
			);
			defaultConfigurationIsVisible = 0;
			defaultConfigurationName = Release;
		};
		C01FCF4E08A954540054247B /* Build configuration list for PBXProject "TTStyleBuilder" */ = {
			isa = XCConfigurationList;
			buildConfigurations = (
				C01FCF4F08A954540054247B /* Debug */,
				C01FCF5008A954540054247B /* Release */,
			);
			defaultConfigurationIsVisible = 0;
			defaultConfigurationName = Release;
		};
/* End XCConfigurationList section */
	};
	rootObject = 29B97313FDCFA39411CA2CEA /* Project object */;
}
