// !$*UTF8*$!
{
	archiveVersion = 1;
	classes = {
	};
	objectVersion = 45;
	objects = {

/* Begin PBXBuildFile section */
		1D3623260D0F684500981E51 /* AppDelegate.m in Sources */ = {isa = PBXBuildFile; fileRef = 1D3623250D0F684500981E51 /* AppDelegate.m */; };
		1D60589B0D05DD56006BFB54 /* main.m in Sources */ = {isa = PBXBuildFile; fileRef = 29B97316FDCFA39411CA2CEA /* main.m */; };
		1D60589F0D05DD5A006BFB54 /* Foundation.framework in Frameworks */ = {isa = PBXBuildFile; fileRef = 1D30AB110D05D00D00671497 /* Foundation.framework */; };
		1DF5F4E00D08C38300B7A737 /* UIKit.framework in Frameworks */ = {isa = PBXBuildFile; fileRef = 1DF5F4DF0D08C38300B7A737 /* UIKit.framework */; };
		2892E4100DC94CBA00A64D0F /* CoreGraphics.framework in Frameworks */ = {isa = PBXBuildFile; fileRef = 2892E40F0DC94CBA00A64D0F /* CoreGraphics.framework */; };
		53049E850FE6799100DD937B /* TTStyleAdditions.m in Sources */ = {isa = PBXBuildFile; fileRef = 53049E840FE6799100DD937B /* TTStyleAdditions.m */; };
		5304A1E40FE6C37100DD937B /* NSObjectAdditions.m in Sources */ = {isa = PBXBuildFile; fileRef = 5304A1E30FE6C37100DD937B /* NSObjectAdditions.m */; };
		533A1D790FEB28A000BECCA4 /* MainMenuController.m in Sources */ = {isa = PBXBuildFile; fileRef = 533A1D780FEB28A000BECCA4 /* MainMenuController.m */; };
		536E0B090FEAB13500C159E7 /* PropertyEditorSystem.m in Sources */ = {isa = PBXBuildFile; fileRef = 536E0B080FEAB13500C159E7 /* PropertyEditorSystem.m */; };
		536E0B100FEAB15500C159E7 /* StyleStructureController.m in Sources */ = {isa = PBXBuildFile; fileRef = 536E0B0F0FEAB15500C159E7 /* StyleStructureController.m */; };
		536E0B170FEAB16500C159E7 /* PropertyField.m in Sources */ = {isa = PBXBuildFile; fileRef = 536E0B120FEAB16500C159E7 /* PropertyField.m */; };
		536E0B180FEAB16500C159E7 /* PropertyFieldCell.m in Sources */ = {isa = PBXBuildFile; fileRef = 536E0B140FEAB16500C159E7 /* PropertyFieldCell.m */; };
		536E0B2F0FEAB20A00C159E7 /* StylePreview.m in Sources */ = {isa = PBXBuildFile; fileRef = 536E0B2E0FEAB20A00C159E7 /* StylePreview.m */; };
		536E0B320FEAB23800C159E7 /* StyleStructureDataSource.m in Sources */ = {isa = PBXBuildFile; fileRef = 536E0B310FEAB23800C159E7 /* StyleStructureDataSource.m */; };
		536E0BAC0FEAB9BB00C159E7 /* AddStyleController.m in Sources */ = {isa = PBXBuildFile; fileRef = 536E0BAB0FEAB9BB00C159E7 /* AddStyleController.m */; };
		536E0CC10FEB0ED600C159E7 /* CGSizeEditor.m in Sources */ = {isa = PBXBuildFile; fileRef = 536E0CC00FEB0ED600C159E7 /* CGSizeEditor.m */; };
		536E0CE00FEB111800C159E7 /* UIEdgeInsetsEditor.m in Sources */ = {isa = PBXBuildFile; fileRef = 536E0CDF0FEB111800C159E7 /* UIEdgeInsetsEditor.m */; };
		5370049F0FEB2F7B00C1A0D0 /* StyleSheetController.m in Sources */ = {isa = PBXBuildFile; fileRef = 5370049E0FEB2F7B00C1A0D0 /* StyleSheetController.m */; };
		5370056F0FEBFE2D00C1A0D0 /* RuntimeSupport.m in Sources */ = {isa = PBXBuildFile; fileRef = 5370056E0FEBFE2D00C1A0D0 /* RuntimeSupport.m */; };
		5398F9F50FE5060A0041DFF8 /* Three20.bundle in Resources */ = {isa = PBXBuildFile; fileRef = 5398F9F40FE5060A0041DFF8 /* Three20.bundle */; };
		5398FA090FE506180041DFF8 /* libThree20.a in Frameworks */ = {isa = PBXBuildFile; fileRef = 5398F9F30FE505ED0041DFF8 /* libThree20.a */; };
		5398FA230FE506500041DFF8 /* QuartzCore.framework in Frameworks */ = {isa = PBXBuildFile; fileRef = 5398FA220FE506500041DFF8 /* QuartzCore.framework */; };
		53A59FBA0FF17B0F00C82D9A /* SettingsController.m in Sources */ = {isa = PBXBuildFile; fileRef = 53A59FB90FF17B0F00C82D9A /* SettingsController.m */; };
		53D972590FF5541700E62B9A /* ColorEditor.m in Sources */ = {isa = PBXBuildFile; fileRef = 53D972540FF5541700E62B9A /* ColorEditor.m */; };
		53D9725A0FF5541700E62B9A /* FloatEditor.m in Sources */ = {isa = PBXBuildFile; fileRef = 53D972560FF5541700E62B9A /* FloatEditor.m */; };
		53D9725B0FF5541700E62B9A /* IntEditor.m in Sources */ = {isa = PBXBuildFile; fileRef = 53D972580FF5541700E62B9A /* IntEditor.m */; };
		53D9790E0FFB98B700E62B9A /* ObjectEditor.m in Sources */ = {isa = PBXBuildFile; fileRef = 53D9790B0FFB98B700E62B9A /* ObjectEditor.m */; };
		53D9790F0FFB98B700E62B9A /* StyleEditor.m in Sources */ = {isa = PBXBuildFile; fileRef = 53D9790D0FFB98B700E62B9A /* StyleEditor.m */; };
/* End PBXBuildFile section */

/* Begin PBXContainerItemProxy section */
		5398F9F20FE505ED0041DFF8 /* PBXContainerItemProxy */ = {
			isa = PBXContainerItemProxy;
			containerPortal = 5398F9EB0FE505ED0041DFF8 /* Three20.xcodeproj */;
			proxyType = 2;
			remoteGlobalIDString = BEF31F3A0F352DF5000DE5D2;
			remoteInfo = Three20;
		};
		5398FA0C0FE5062F0041DFF8 /* PBXContainerItemProxy */ = {
			isa = PBXContainerItemProxy;
			containerPortal = 5398F9EB0FE505ED0041DFF8 /* Three20.xcodeproj */;
			proxyType = 1;
			remoteGlobalIDString = BEF31F390F352DF5000DE5D2;
			remoteInfo = Three20;
		};
/* End PBXContainerItemProxy section */

/* Begin PBXFileReference section */
		1D30AB110D05D00D00671497 /* Foundation.framework */ = {isa = PBXFileReference; lastKnownFileType = wrapper.framework; name = Foundation.framework; path = System/Library/Frameworks/Foundation.framework; sourceTree = SDKROOT; };
		1D3623240D0F684500981E51 /* AppDelegate.h */ = {isa = PBXFileReference; fileEncoding = 4; lastKnownFileType = sourcecode.c.h; path = AppDelegate.h; sourceTree = "<group>"; };
		1D3623250D0F684500981E51 /* AppDelegate.m */ = {isa = PBXFileReference; fileEncoding = 4; lastKnownFileType = sourcecode.c.objc; path = AppDelegate.m; sourceTree = "<group>"; };
		1D6058910D05DD3D006BFB54 /* TTStyleBuilder.app */ = {isa = PBXFileReference; explicitFileType = wrapper.application; includeInIndex = 0; path = TTStyleBuilder.app; sourceTree = BUILT_PRODUCTS_DIR; };
		1DF5F4DF0D08C38300B7A737 /* UIKit.framework */ = {isa = PBXFileReference; lastKnownFileType = wrapper.framework; name = UIKit.framework; path = System/Library/Frameworks/UIKit.framework; sourceTree = SDKROOT; };
		2892E40F0DC94CBA00A64D0F /* CoreGraphics.framework */ = {isa = PBXFileReference; lastKnownFileType = wrapper.framework; name = CoreGraphics.framework; path = System/Library/Frameworks/CoreGraphics.framework; sourceTree = SDKROOT; };
		28A0AAE50D9B0CCF005BE974 /* TTStyleBuilder_Prefix.pch */ = {isa = PBXFileReference; fileEncoding = 4; lastKnownFileType = sourcecode.c.h; path = TTStyleBuilder_Prefix.pch; sourceTree = "<group>"; };
		29B97316FDCFA39411CA2CEA /* main.m */ = {isa = PBXFileReference; fileEncoding = 4; lastKnownFileType = sourcecode.c.objc; path = main.m; sourceTree = "<group>"; };
		53049E830FE6799100DD937B /* TTStyleAdditions.h */ = {isa = PBXFileReference; fileEncoding = 4; lastKnownFileType = sourcecode.c.h; path = TTStyleAdditions.h; sourceTree = "<group>"; };
		53049E840FE6799100DD937B /* TTStyleAdditions.m */ = {isa = PBXFileReference; fileEncoding = 4; lastKnownFileType = sourcecode.c.objc; path = TTStyleAdditions.m; sourceTree = "<group>"; };
		53049E870FE67B4E00DD937B /* TTStyleBuilderGlobal.h */ = {isa = PBXFileReference; fileEncoding = 4; lastKnownFileType = sourcecode.c.h; path = TTStyleBuilderGlobal.h; sourceTree = "<group>"; };
		5304A1E20FE6C37100DD937B /* NSObjectAdditions.h */ = {isa = PBXFileReference; fileEncoding = 4; lastKnownFileType = sourcecode.c.h; path = NSObjectAdditions.h; sourceTree = "<group>"; };
		5304A1E30FE6C37100DD937B /* NSObjectAdditions.m */ = {isa = PBXFileReference; fileEncoding = 4; lastKnownFileType = sourcecode.c.objc; path = NSObjectAdditions.m; sourceTree = "<group>"; };
		5304A2150FE6C7D600DD937B /* NSDebug.h */ = {isa = PBXFileReference; fileEncoding = 4; lastKnownFileType = sourcecode.c.h; path = NSDebug.h; sourceTree = "<group>"; };
		533A1D770FEB28A000BECCA4 /* MainMenuController.h */ = {isa = PBXFileReference; fileEncoding = 4; lastKnownFileType = sourcecode.c.h; path = MainMenuController.h; sourceTree = "<group>"; };
		533A1D780FEB28A000BECCA4 /* MainMenuController.m */ = {isa = PBXFileReference; fileEncoding = 4; lastKnownFileType = sourcecode.c.objc; path = MainMenuController.m; sourceTree = "<group>"; };
		536E0B070FEAB13500C159E7 /* PropertyEditorSystem.h */ = {isa = PBXFileReference; fileEncoding = 4; lastKnownFileType = sourcecode.c.h; path = PropertyEditorSystem.h; sourceTree = "<group>"; };
		536E0B080FEAB13500C159E7 /* PropertyEditorSystem.m */ = {isa = PBXFileReference; fileEncoding = 4; lastKnownFileType = sourcecode.c.objc; path = PropertyEditorSystem.m; sourceTree = "<group>"; };
		536E0B0E0FEAB15500C159E7 /* StyleStructureController.h */ = {isa = PBXFileReference; fileEncoding = 4; lastKnownFileType = sourcecode.c.h; path = StyleStructureController.h; sourceTree = "<group>"; };
		536E0B0F0FEAB15500C159E7 /* StyleStructureController.m */ = {isa = PBXFileReference; fileEncoding = 4; lastKnownFileType = sourcecode.c.objc; path = StyleStructureController.m; sourceTree = "<group>"; };
		536E0B110FEAB16500C159E7 /* PropertyField.h */ = {isa = PBXFileReference; fileEncoding = 4; lastKnownFileType = sourcecode.c.h; path = PropertyField.h; sourceTree = "<group>"; };
		536E0B120FEAB16500C159E7 /* PropertyField.m */ = {isa = PBXFileReference; fileEncoding = 4; lastKnownFileType = sourcecode.c.objc; path = PropertyField.m; sourceTree = "<group>"; };
		536E0B130FEAB16500C159E7 /* PropertyFieldCell.h */ = {isa = PBXFileReference; fileEncoding = 4; lastKnownFileType = sourcecode.c.h; path = PropertyFieldCell.h; sourceTree = "<group>"; };
		536E0B140FEAB16500C159E7 /* PropertyFieldCell.m */ = {isa = PBXFileReference; fileEncoding = 4; lastKnownFileType = sourcecode.c.objc; path = PropertyFieldCell.m; sourceTree = "<group>"; };
		536E0B2D0FEAB20A00C159E7 /* StylePreview.h */ = {isa = PBXFileReference; fileEncoding = 4; lastKnownFileType = sourcecode.c.h; path = StylePreview.h; sourceTree = "<group>"; };
		536E0B2E0FEAB20A00C159E7 /* StylePreview.m */ = {isa = PBXFileReference; fileEncoding = 4; lastKnownFileType = sourcecode.c.objc; path = StylePreview.m; sourceTree = "<group>"; };
		536E0B300FEAB23800C159E7 /* StyleStructureDataSource.h */ = {isa = PBXFileReference; fileEncoding = 4; lastKnownFileType = sourcecode.c.h; path = StyleStructureDataSource.h; sourceTree = "<group>"; };
		536E0B310FEAB23800C159E7 /* StyleStructureDataSource.m */ = {isa = PBXFileReference; fileEncoding = 4; lastKnownFileType = sourcecode.c.objc; path = StyleStructureDataSource.m; sourceTree = "<group>"; };
		536E0BAA0FEAB9BB00C159E7 /* AddStyleController.h */ = {isa = PBXFileReference; fileEncoding = 4; lastKnownFileType = sourcecode.c.h; path = AddStyleController.h; sourceTree = "<group>"; };
		536E0BAB0FEAB9BB00C159E7 /* AddStyleController.m */ = {isa = PBXFileReference; fileEncoding = 4; lastKnownFileType = sourcecode.c.objc; path = AddStyleController.m; sourceTree = "<group>"; };
		536E0CBF0FEB0ED600C159E7 /* CGSizeEditor.h */ = {isa = PBXFileReference; fileEncoding = 4; lastKnownFileType = sourcecode.c.h; path = CGSizeEditor.h; sourceTree = "<group>"; };
		536E0CC00FEB0ED600C159E7 /* CGSizeEditor.m */ = {isa = PBXFileReference; fileEncoding = 4; lastKnownFileType = sourcecode.c.objc; path = CGSizeEditor.m; sourceTree = "<group>"; };
		536E0CDE0FEB111800C159E7 /* UIEdgeInsetsEditor.h */ = {isa = PBXFileReference; fileEncoding = 4; lastKnownFileType = sourcecode.c.h; path = UIEdgeInsetsEditor.h; sourceTree = "<group>"; };
		536E0CDF0FEB111800C159E7 /* UIEdgeInsetsEditor.m */ = {isa = PBXFileReference; fileEncoding = 4; lastKnownFileType = sourcecode.c.objc; path = UIEdgeInsetsEditor.m; sourceTree = "<group>"; };
		5370049D0FEB2F7B00C1A0D0 /* StyleSheetController.h */ = {isa = PBXFileReference; fileEncoding = 4; lastKnownFileType = sourcecode.c.h; path = StyleSheetController.h; sourceTree = "<group>"; };
		5370049E0FEB2F7B00C1A0D0 /* StyleSheetController.m */ = {isa = PBXFileReference; fileEncoding = 4; lastKnownFileType = sourcecode.c.objc; path = StyleSheetController.m; sourceTree = "<group>"; };
		5370056D0FEBFE2D00C1A0D0 /* RuntimeSupport.h */ = {isa = PBXFileReference; fileEncoding = 4; lastKnownFileType = sourcecode.c.h; path = RuntimeSupport.h; sourceTree = "<group>"; };
		5370056E0FEBFE2D00C1A0D0 /* RuntimeSupport.m */ = {isa = PBXFileReference; fileEncoding = 4; lastKnownFileType = sourcecode.c.objc; path = RuntimeSupport.m; sourceTree = "<group>"; };
		5398F9EB0FE505ED0041DFF8 /* Three20.xcodeproj */ = {isa = PBXFileReference; lastKnownFileType = "wrapper.pb-project"; name = Three20.xcodeproj; path = ../three20/src/Three20.xcodeproj; sourceTree = SOURCE_ROOT; };
		5398F9F40FE5060A0041DFF8 /* Three20.bundle */ = {isa = PBXFileReference; lastKnownFileType = "wrapper.plug-in"; name = Three20.bundle; path = ../three20/src/Three20.bundle; sourceTree = SOURCE_ROOT; };
		5398FA220FE506500041DFF8 /* QuartzCore.framework */ = {isa = PBXFileReference; lastKnownFileType = wrapper.framework; name = QuartzCore.framework; path = System/Library/Frameworks/QuartzCore.framework; sourceTree = SDKROOT; };
		53A59FB80FF17B0F00C82D9A /* SettingsController.h */ = {isa = PBXFileReference; fileEncoding = 4; lastKnownFileType = sourcecode.c.h; path = SettingsController.h; sourceTree = "<group>"; };
		53A59FB90FF17B0F00C82D9A /* SettingsController.m */ = {isa = PBXFileReference; fileEncoding = 4; lastKnownFileType = sourcecode.c.objc; path = SettingsController.m; sourceTree = "<group>"; };
		53D972530FF5541700E62B9A /* ColorEditor.h */ = {isa = PBXFileReference; fileEncoding = 4; lastKnownFileType = sourcecode.c.h; path = ColorEditor.h; sourceTree = "<group>"; };
		53D972540FF5541700E62B9A /* ColorEditor.m */ = {isa = PBXFileReference; fileEncoding = 4; lastKnownFileType = sourcecode.c.objc; path = ColorEditor.m; sourceTree = "<group>"; };
		53D972550FF5541700E62B9A /* FloatEditor.h */ = {isa = PBXFileReference; fileEncoding = 4; lastKnownFileType = sourcecode.c.h; path = FloatEditor.h; sourceTree = "<group>"; };
		53D972560FF5541700E62B9A /* FloatEditor.m */ = {isa = PBXFileReference; fileEncoding = 4; lastKnownFileType = sourcecode.c.objc; path = FloatEditor.m; sourceTree = "<group>"; };
		53D972570FF5541700E62B9A /* IntEditor.h */ = {isa = PBXFileReference; fileEncoding = 4; lastKnownFileType = sourcecode.c.h; path = IntEditor.h; sourceTree = "<group>"; };
		53D972580FF5541700E62B9A /* IntEditor.m */ = {isa = PBXFileReference; fileEncoding = 4; lastKnownFileType = sourcecode.c.objc; path = IntEditor.m; sourceTree = "<group>"; };
		53D9790A0FFB98B700E62B9A /* ObjectEditor.h */ = {isa = PBXFileReference; fileEncoding = 4; lastKnownFileType = sourcecode.c.h; path = ObjectEditor.h; sourceTree = "<group>"; };
		53D9790B0FFB98B700E62B9A /* ObjectEditor.m */ = {isa = PBXFileReference; fileEncoding = 4; lastKnownFileType = sourcecode.c.objc; path = ObjectEditor.m; sourceTree = "<group>"; };
		53D9790C0FFB98B700E62B9A /* StyleEditor.h */ = {isa = PBXFileReference; fileEncoding = 4; lastKnownFileType = sourcecode.c.h; path = StyleEditor.h; sourceTree = "<group>"; };
		53D9790D0FFB98B700E62B9A /* StyleEditor.m */ = {isa = PBXFileReference; fileEncoding = 4; lastKnownFileType = sourcecode.c.objc; path = StyleEditor.m; sourceTree = "<group>"; };
		8D1107310486CEB800E47090 /* TTStyleBuilder-Info.plist */ = {isa = PBXFileReference; fileEncoding = 4; lastKnownFileType = text.plist.xml; path = "TTStyleBuilder-Info.plist"; plistStructureDefinitionIdentifier = "com.apple.xcode.plist.structure-definition.iphone.info-plist"; sourceTree = "<group>"; };
/* End PBXFileReference section */

/* Begin PBXFrameworksBuildPhase section */
		1D60588F0D05DD3D006BFB54 /* Frameworks */ = {
			isa = PBXFrameworksBuildPhase;
			buildActionMask = 2147483647;
			files = (
				1D60589F0D05DD5A006BFB54 /* Foundation.framework in Frameworks */,
				1DF5F4E00D08C38300B7A737 /* UIKit.framework in Frameworks */,
				2892E4100DC94CBA00A64D0F /* CoreGraphics.framework in Frameworks */,
				5398FA090FE506180041DFF8 /* libThree20.a in Frameworks */,
				5398FA230FE506500041DFF8 /* QuartzCore.framework in Frameworks */,
			);
			runOnlyForDeploymentPostprocessing = 0;
		};
/* End PBXFrameworksBuildPhase section */

/* Begin PBXGroup section */
		080E96DDFE201D6D7F000001 /* App */ = {
			isa = PBXGroup;
			children = (
				533A1D7A0FEB296D00BECCA4 /* .h */,
				1D3623250D0F684500981E51 /* AppDelegate.m */,
				533A1D780FEB28A000BECCA4 /* MainMenuController.m */,
				5370049E0FEB2F7B00C1A0D0 /* StyleSheetController.m */,
				53A59FB90FF17B0F00C82D9A /* SettingsController.m */,
				53049E870FE67B4E00DD937B /* TTStyleBuilderGlobal.h */,
			);
			name = App;
			path = src;
			sourceTree = "<group>";
		};
		19C28FACFE9D520D11CA2CBB /* Products */ = {
			isa = PBXGroup;
			children = (
				1D6058910D05DD3D006BFB54 /* TTStyleBuilder.app */,
			);
			name = Products;
			sourceTree = "<group>";
		};
		29B97314FDCFA39411CA2CEA /* CustomTemplate */ = {
			isa = PBXGroup;
			children = (
				536E0AEC0FEAAF8500C159E7 /* Style Structure */,
				536E0AED0FEAAF8D00C159E7 /* Object Editor */,
				53049E820FE6798000DD937B /* Additions */,
				080E96DDFE201D6D7F000001 /* App */,
				29B97315FDCFA39411CA2CEA /* Other Sources */,
				29B97317FDCFA39411CA2CEA /* Resources */,
				29B97323FDCFA39411CA2CEA /* Frameworks */,
				19C28FACFE9D520D11CA2CBB /* Products */,
			);
			name = CustomTemplate;
			sourceTree = "<group>";
		};
		29B97315FDCFA39411CA2CEA /* Other Sources */ = {
			isa = PBXGroup;
			children = (
				5398F9F40FE5060A0041DFF8 /* Three20.bundle */,
				5398F9EB0FE505ED0041DFF8 /* Three20.xcodeproj */,
				28A0AAE50D9B0CCF005BE974 /* TTStyleBuilder_Prefix.pch */,
				29B97316FDCFA39411CA2CEA /* main.m */,
			);
			name = "Other Sources";
			sourceTree = "<group>";
		};
		29B97317FDCFA39411CA2CEA /* Resources */ = {
			isa = PBXGroup;
			children = (
				8D1107310486CEB800E47090 /* TTStyleBuilder-Info.plist */,
			);
			name = Resources;
			sourceTree = "<group>";
		};
		29B97323FDCFA39411CA2CEA /* Frameworks */ = {
			isa = PBXGroup;
			children = (
				5398FA220FE506500041DFF8 /* QuartzCore.framework */,
				1DF5F4DF0D08C38300B7A737 /* UIKit.framework */,
				1D30AB110D05D00D00671497 /* Foundation.framework */,
				2892E40F0DC94CBA00A64D0F /* CoreGraphics.framework */,
			);
			name = Frameworks;
			sourceTree = "<group>";
		};
		53049E820FE6798000DD937B /* Additions */ = {
			isa = PBXGroup;
			children = (
				537005700FEBFE3400C1A0D0 /* .h */,
				53049E840FE6799100DD937B /* TTStyleAdditions.m */,
				5304A1E30FE6C37100DD937B /* NSObjectAdditions.m */,
				5370056E0FEBFE2D00C1A0D0 /* RuntimeSupport.m */,
				5304A2150FE6C7D600DD937B /* NSDebug.h */,
			);
			path = Additions;
			sourceTree = "<group>";
		};
		533A1D7A0FEB296D00BECCA4 /* .h */ = {
			isa = PBXGroup;
			children = (
				53A59FB80FF17B0F00C82D9A /* SettingsController.h */,
				5370049D0FEB2F7B00C1A0D0 /* StyleSheetController.h */,
				1D3623240D0F684500981E51 /* AppDelegate.h */,
				533A1D770FEB28A000BECCA4 /* MainMenuController.h */,
			);
			name = .h;
			sourceTree = "<group>";
		};
		536E0AEC0FEAAF8500C159E7 /* Style Structure */ = {
			isa = PBXGroup;
			children = (
				536E0B1A0FEAB17700C159E7 /* .h */,
				536E0B0F0FEAB15500C159E7 /* StyleStructureController.m */,
				536E0B310FEAB23800C159E7 /* StyleStructureDataSource.m */,
				536E0B2E0FEAB20A00C159E7 /* StylePreview.m */,
				536E0BAB0FEAB9BB00C159E7 /* AddStyleController.m */,
			);
			name = "Style Structure";
			path = src;
			sourceTree = "<group>";
		};
		536E0AED0FEAAF8D00C159E7 /* Object Editor */ = {
			isa = PBXGroup;
			children = (
				536E0AEE0FEAAFB400C159E7 /* .h */,
				536E0B080FEAB13500C159E7 /* PropertyEditorSystem.m */,
				53D972540FF5541700E62B9A /* ColorEditor.m */,
				53D972560FF5541700E62B9A /* FloatEditor.m */,
				53D972580FF5541700E62B9A /* IntEditor.m */,
				536E0CC00FEB0ED600C159E7 /* CGSizeEditor.m */,
				536E0CDF0FEB111800C159E7 /* UIEdgeInsetsEditor.m */,
				53D9790B0FFB98B700E62B9A /* ObjectEditor.m */,
				53D9790D0FFB98B700E62B9A /* StyleEditor.m */,
				536E0B120FEAB16500C159E7 /* PropertyField.m */,
				536E0B140FEAB16500C159E7 /* PropertyFieldCell.m */,
			);
			name = "Object Editor";
			path = src;
			sourceTree = "<group>";
		};
		536E0AEE0FEAAFB400C159E7 /* .h */ = {
			isa = PBXGroup;
			children = (
				536E0B070FEAB13500C159E7 /* PropertyEditorSystem.h */,
				53D972530FF5541700E62B9A /* ColorEditor.h */,
				53D972550FF5541700E62B9A /* FloatEditor.h */,
				53D972570FF5541700E62B9A /* IntEditor.h */,
				536E0CBF0FEB0ED600C159E7 /* CGSizeEditor.h */,
				536E0CDE0FEB111800C159E7 /* UIEdgeInsetsEditor.h */,
				53D9790A0FFB98B700E62B9A /* ObjectEditor.h */,
				53D9790C0FFB98B700E62B9A /* StyleEditor.h */,
				536E0B110FEAB16500C159E7 /* PropertyField.h */,
				536E0B130FEAB16500C159E7 /* PropertyFieldCell.h */,
			);
			name = .h;
			sourceTree = "<group>";
		};
		536E0B1A0FEAB17700C159E7 /* .h */ = {
			isa = PBXGroup;
			children = (
				536E0BAA0FEAB9BB00C159E7 /* AddStyleController.h */,
				536E0B0E0FEAB15500C159E7 /* StyleStructureController.h */,
				536E0B300FEAB23800C159E7 /* StyleStructureDataSource.h */,
				536E0B2D0FEAB20A00C159E7 /* StylePreview.h */,
			);
			name = .h;
			sourceTree = "<group>";
		};
		537005700FEBFE3400C1A0D0 /* .h */ = {
			isa = PBXGroup;
			children = (
				53049E830FE6799100DD937B /* TTStyleAdditions.h */,
				5304A1E20FE6C37100DD937B /* NSObjectAdditions.h */,
				5370056D0FEBFE2D00C1A0D0 /* RuntimeSupport.h */,
			);
			name = .h;
			sourceTree = "<group>";
		};
		5398F9EC0FE505ED0041DFF8 /* Products */ = {
			isa = PBXGroup;
			children = (
				5398F9F30FE505ED0041DFF8 /* libThree20.a */,
			);
			name = Products;
			sourceTree = "<group>";
		};
/* End PBXGroup section */

/* Begin PBXNativeTarget section */
		1D6058900D05DD3D006BFB54 /* TTStyleBuilder */ = {
			isa = PBXNativeTarget;
			buildConfigurationList = 1D6058960D05DD3E006BFB54 /* Build configuration list for PBXNativeTarget "TTStyleBuilder" */;
			buildPhases = (
				1D60588D0D05DD3D006BFB54 /* Resources */,
				1D60588E0D05DD3D006BFB54 /* Sources */,
				1D60588F0D05DD3D006BFB54 /* Frameworks */,
			);
			buildRules = (
			);
			dependencies = (
				5398FA0D0FE5062F0041DFF8 /* PBXTargetDependency */,
			);
			name = TTStyleBuilder;
			productName = TTStyleBuilder;
			productReference = 1D6058910D05DD3D006BFB54 /* TTStyleBuilder.app */;
			productType = "com.apple.product-type.application";
		};
/* End PBXNativeTarget section */

/* Begin PBXProject section */
		29B97313FDCFA39411CA2CEA /* Project object */ = {
			isa = PBXProject;
			buildConfigurationList = C01FCF4E08A954540054247B /* Build configuration list for PBXProject "TTStyleBuilder" */;
			compatibilityVersion = "Xcode 3.1";
			hasScannedForEncodings = 1;
			knownRegions = (
				English,
				Japanese,
				French,
				German,
				en,
			);
			mainGroup = 29B97314FDCFA39411CA2CEA /* CustomTemplate */;
			projectDirPath = "";
			projectReferences = (
				{
					ProductGroup = 5398F9EC0FE505ED0041DFF8 /* Products */;
					ProjectRef = 5398F9EB0FE505ED0041DFF8 /* Three20.xcodeproj */;
				},
			);
			projectRoot = "";
			targets = (
				1D6058900D05DD3D006BFB54 /* TTStyleBuilder */,
			);
		};
/* End PBXProject section */

/* Begin PBXReferenceProxy section */
		5398F9F30FE505ED0041DFF8 /* libThree20.a */ = {
			isa = PBXReferenceProxy;
			fileType = archive.ar;
			path = libThree20.a;
			remoteRef = 5398F9F20FE505ED0041DFF8 /* PBXContainerItemProxy */;
			sourceTree = BUILT_PRODUCTS_DIR;
		};
/* End PBXReferenceProxy section */

/* Begin PBXResourcesBuildPhase section */
		1D60588D0D05DD3D006BFB54 /* Resources */ = {
			isa = PBXResourcesBuildPhase;
			buildActionMask = 2147483647;
			files = (
				5398F9F50FE5060A0041DFF8 /* Three20.bundle in Resources */,
			);
			runOnlyForDeploymentPostprocessing = 0;
		};
/* End PBXResourcesBuildPhase section */

/* Begin PBXSourcesBuildPhase section */
		1D60588E0D05DD3D006BFB54 /* Sources */ = {
			isa = PBXSourcesBuildPhase;
			buildActionMask = 2147483647;
			files = (
				1D60589B0D05DD56006BFB54 /* main.m in Sources */,
				1D3623260D0F684500981E51 /* AppDelegate.m in Sources */,
				53049E850FE6799100DD937B /* TTStyleAdditions.m in Sources */,
				5304A1E40FE6C37100DD937B /* NSObjectAdditions.m in Sources */,
				536E0B090FEAB13500C159E7 /* PropertyEditorSystem.m in Sources */,
				536E0B100FEAB15500C159E7 /* StyleStructureController.m in Sources */,
				536E0B170FEAB16500C159E7 /* PropertyField.m in Sources */,
				536E0B180FEAB16500C159E7 /* PropertyFieldCell.m in Sources */,
				536E0B2F0FEAB20A00C159E7 /* StylePreview.m in Sources */,
				536E0B320FEAB23800C159E7 /* StyleStructureDataSource.m in Sources */,
				536E0BAC0FEAB9BB00C159E7 /* AddStyleController.m in Sources */,
				536E0CC10FEB0ED600C159E7 /* CGSizeEditor.m in Sources */,
				536E0CE00FEB111800C159E7 /* UIEdgeInsetsEditor.m in Sources */,
				533A1D790FEB28A000BECCA4 /* MainMenuController.m in Sources */,
				5370049F0FEB2F7B00C1A0D0 /* StyleSheetController.m in Sources */,
				5370056F0FEBFE2D00C1A0D0 /* RuntimeSupport.m in Sources */,
				53A59FBA0FF17B0F00C82D9A /* SettingsController.m in Sources */,
				53D972590FF5541700E62B9A /* ColorEditor.m in Sources */,
				53D9725A0FF5541700E62B9A /* FloatEditor.m in Sources */,
				53D9725B0FF5541700E62B9A /* IntEditor.m in Sources */,
				53D9790E0FFB98B700E62B9A /* ObjectEditor.m in Sources */,
				53D9790F0FFB98B700E62B9A /* StyleEditor.m in Sources */,
			);
			runOnlyForDeploymentPostprocessing = 0;
		};
/* End PBXSourcesBuildPhase section */

/* Begin PBXTargetDependency section */
		5398FA0D0FE5062F0041DFF8 /* PBXTargetDependency */ = {
			isa = PBXTargetDependency;
			name = Three20;
			targetProxy = 5398FA0C0FE5062F0041DFF8 /* PBXContainerItemProxy */;
		};
/* End PBXTargetDependency section */

/* Begin XCBuildConfiguration section */
		1D6058940D05DD3E006BFB54 /* Debug */ = {
			isa = XCBuildConfiguration;
			buildSettings = {
				ALWAYS_SEARCH_USER_PATHS = NO;
				"CODE_SIGN_IDENTITY[sdk=iphoneos*]" = "iPhone Developer";
				COPY_PHASE_STRIP = NO;
				GCC_DYNAMIC_NO_PIC = NO;
				GCC_OPTIMIZATION_LEVEL = 0;
				GCC_PRECOMPILE_PREFIX_HEADER = YES;
				GCC_PREFIX_HEADER = TTStyleBuilder_Prefix.pch;
				INFOPLIST_FILE = "TTStyleBuilder-Info.plist";
				PRODUCT_NAME = TTStyleBuilder;
				"PROVISIONING_PROFILE[sdk=iphoneos*]" = "";
			};
			name = Debug;
		};
		1D6058950D05DD3E006BFB54 /* Release */ = {
			isa = XCBuildConfiguration;
			buildSettings = {
				ALWAYS_SEARCH_USER_PATHS = NO;
				"CODE_SIGN_IDENTITY[sdk=iphoneos*]" = "iPhone Developer";
				COPY_PHASE_STRIP = YES;
				GCC_PRECOMPILE_PREFIX_HEADER = YES;
				GCC_PREFIX_HEADER = TTStyleBuilder_Prefix.pch;
				INFOPLIST_FILE = "TTStyleBuilder-Info.plist";
				PRODUCT_NAME = TTStyleBuilder;
				"PROVISIONING_PROFILE[sdk=iphoneos*]" = "";
			};
			name = Release;
		};
		C01FCF4F08A954540054247B /* Debug */ = {
			isa = XCBuildConfiguration;
			buildSettings = {
				ARCHS = "$(ARCHS_STANDARD_32_BIT)";
				"CODE_SIGN_IDENTITY[sdk=iphoneos*]" = "iPhone Developer";
				GCC_C_LANGUAGE_STANDARD = c99;
				GCC_WARN_ABOUT_RETURN_TYPE = YES;
				GCC_WARN_UNUSED_VARIABLE = YES;
				HEADER_SEARCH_PATHS = ../three20/src/;
				OTHER_LDFLAGS = (
					"-all_load",
					"-ObjC",
				);
				PREBINDING = NO;
				SDKROOT = iphoneos3.0;
			};
			name = Debug;
		};
		C01FCF5008A954540054247B /* Release */ = {
			isa = XCBuildConfiguration;
			buildSettings = {
				ARCHS = "$(ARCHS_STANDARD_32_BIT)";
				"CODE_SIGN_IDENTITY[sdk=iphoneos*]" = "iPhone Developer";
				GCC_C_LANGUAGE_STANDARD = c99;
				GCC_WARN_ABOUT_RETURN_TYPE = YES;
				GCC_WARN_UNUSED_VARIABLE = YES;
				HEADER_SEARCH_PATHS = ../three20/src/;
				OTHER_LDFLAGS = (
					"-all_load",
					"-ObjC",
				);
				PREBINDING = NO;
				SDKROOT = iphoneos3.0;
			};
			name = Release;
		};
/* End XCBuildConfiguration section */

/* Begin XCConfigurationList section */
		1D6058960D05DD3E006BFB54 /* Build configuration list for PBXNativeTarget "TTStyleBuilder" */ = {
			isa = XCConfigurationList;
			buildConfigurations = (
				1D6058940D05DD3E006BFB54 /* Debug */,
				1D6058950D05DD3E006BFB54 /* Release */,
			);
			defaultConfigurationIsVisible = 0;
			defaultConfigurationName = Release;
		};
		C01FCF4E08A954540054247B /* Build configuration list for PBXProject "TTStyleBuilder" */ = {
			isa = XCConfigurationList;
			buildConfigurations = (
				C01FCF4F08A954540054247B /* Debug */,
				C01FCF5008A954540054247B /* Release */,
			);
			defaultConfigurationIsVisible = 0;
			defaultConfigurationName = Release;
		};
/* End XCConfigurationList section */
	};
	rootObject = 29B97313FDCFA39411CA2CEA /* Project object */;
}
